// !$*UTF8*$!
{
	archiveVersion = 1;
	classes = {
	};
	objectVersion = 46;
	objects = {

/* Begin PBXBuildFile section */
		71F766C0EDA99074EE98D337 /* Pods_SDFormsTests.framework in Frameworks */ = {isa = PBXBuildFile; fileRef = 5C50158336DED90316D0F470 /* Pods_SDFormsTests.framework */; };
		80E8211E0B0EC72DCEBD4F82 /* Pods_SDForms.framework in Frameworks */ = {isa = PBXBuildFile; fileRef = 16F3C750D5D3D7DA1494E7A2 /* Pods_SDForms.framework */; };
		878CF7931CF13703006DA4A0 /* BVRatingStarsFormCell.xib in Resources */ = {isa = PBXBuildFile; fileRef = 87E2230A1CEFA2D000F21858 /* BVRatingStarsFormCell.xib */; };
		878CF7971CF158EC006DA4A0 /* HCSStarRatingView.m in Sources */ = {isa = PBXBuildFile; fileRef = 878CF7961CF158EC006DA4A0 /* HCSStarRatingView.m */; };
		87E223061CEFA1C900F21858 /* BVRatingStarsField.m in Sources */ = {isa = PBXBuildFile; fileRef = 87E223051CEFA1C900F21858 /* BVRatingStarsField.m */; };
		87E223091CEFA28400F21858 /* BVRatingStarsFormCell.m in Sources */ = {isa = PBXBuildFile; fileRef = 87E223081CEFA28400F21858 /* BVRatingStarsFormCell.m */; };
		B5183A0819C9CEAA00A9B858 /* NSMutableDictionary+SDExtensions.m in Sources */ = {isa = PBXBuildFile; fileRef = B5183A0719C9CEAA00A9B858 /* NSMutableDictionary+SDExtensions.m */; };
		B5183A0A19C9D7DC00A9B858 /* SDLaunchScreen.xib in Resources */ = {isa = PBXBuildFile; fileRef = B5183A0919C9D7DC00A9B858 /* SDLaunchScreen.xib */; };
		B5183A0B19C9DD1800A9B858 /* SDFormItemsPickerViewController.xib in Resources */ = {isa = PBXBuildFile; fileRef = B56123A219AB40D8002BB86D /* SDFormItemsPickerViewController.xib */; };
		B52968AB1AC301810092A8C4 /* SDFormsTests.m in Sources */ = {isa = PBXBuildFile; fileRef = B596CA97199B9533000AB3A5 /* SDFormsTests.m */; };
		B51D24741A77F48A006F5B00 /* SDPhotoCell.m in Sources */ = {isa = PBXBuildFile; fileRef = B51D24731A77F48A006F5B00 /* SDPhotoCell.m */; };
		B51D24791A77F4ED006F5B00 /* SDPhotoCell.xib in Resources */ = {isa = PBXBuildFile; fileRef = B51D24781A77F4ED006F5B00 /* SDPhotoCell.xib */; };
		B51D247C1A77F5B3006F5B00 /* SDPhotoField.m in Sources */ = {isa = PBXBuildFile; fileRef = B51D247B1A77F5B3006F5B00 /* SDPhotoField.m */; };
		B52BE29A19AF657E0071BA57 /* SDForms.h in CopyFiles */ = {isa = PBXBuildFile; fileRef = B5F876C019AE201D00C4AF33 /* SDForms.h */; };
		B52BE29B19AF657E0071BA57 /* SDFormItemsPickerViewController.h in CopyFiles */ = {isa = PBXBuildFile; fileRef = B56123A019AB40D8002BB86D /* SDFormItemsPickerViewController.h */; };
		B52BE29C19AF657E0071BA57 /* SDDatePickerField.h in CopyFiles */ = {isa = PBXBuildFile; fileRef = B57ABC8519A777950062BDBB /* SDDatePickerField.h */; };
		B52BE29D19AF657E0071BA57 /* SDTextFormField.h in CopyFiles */ = {isa = PBXBuildFile; fileRef = B57ABC8719A777950062BDBB /* SDTextFormField.h */; };
		B52BE29E19AF657E0071BA57 /* SDPickerField.h in CopyFiles */ = {isa = PBXBuildFile; fileRef = B57ABC8B19A777BE0062BDBB /* SDPickerField.h */; };
		B52BE29F19AF657E0071BA57 /* SDItemSelectionField.h in CopyFiles */ = {isa = PBXBuildFile; fileRef = B561239B19AB3590002BB86D /* SDItemSelectionField.h */; };
		B52BE2A019AF657E0071BA57 /* SDMultilineTextField.h in CopyFiles */ = {isa = PBXBuildFile; fileRef = B59DD0A419AC8DE3005204A1 /* SDMultilineTextField.h */; };
		B52BE2A119AF657E0071BA57 /* SDSliderField.h in CopyFiles */ = {isa = PBXBuildFile; fileRef = B59DD0A819ACC074005204A1 /* SDSliderField.h */; };
		B52BE2A219AF657E0071BA57 /* SDLabelField.h in CopyFiles */ = {isa = PBXBuildFile; fileRef = B5F8763F19ADD13400C4AF33 /* SDLabelField.h */; };
		B52BE2A319AF657E0071BA57 /* SDButtonField.h in CopyFiles */ = {isa = PBXBuildFile; fileRef = B55F0F1619AF0F9C00685BCA /* SDButtonField.h */; };
		B52BE2A419AF657E0071BA57 /* SDSwitchField.h in CopyFiles */ = {isa = PBXBuildFile; fileRef = B55F0F1D19AF2F0B00685BCA /* SDSwitchField.h */; };
		B52BE2A819AF657E0071BA57 /* UIColor+HexColor.h in CopyFiles */ = {isa = PBXBuildFile; fileRef = B596CBAE199B98B0000AB3A5 /* UIColor+HexColor.h */; };
		B52BE2A919AF657E0071BA57 /* UIImage+Colorize.h in CopyFiles */ = {isa = PBXBuildFile; fileRef = B596CBB0199B98B0000AB3A5 /* UIImage+Colorize.h */; };
		B52BE2AA19AF657E0071BA57 /* NSMutableArray+IndexSelection.h in CopyFiles */ = {isa = PBXBuildFile; fileRef = B56123A519AB4BFC002BB86D /* NSMutableArray+IndexSelection.h */; };
		B52BE2AD19AF657E0071BA57 /* SDTextFieldView.h in CopyFiles */ = {isa = PBXBuildFile; fileRef = B596CBA3199B9836000AB3A5 /* SDTextFieldView.h */; };
		B52BE2AE19AF657E0071BA57 /* SDFormTextView.h in CopyFiles */ = {isa = PBXBuildFile; fileRef = B596CBA5199B9836000AB3A5 /* SDFormTextView.h */; };
		B52BE2AF19AF657E0071BA57 /* SDFormKeyboardToolbar.h in CopyFiles */ = {isa = PBXBuildFile; fileRef = B596CB98199B97FB000AB3A5 /* SDFormKeyboardToolbar.h */; };
		B52BE2B119AF657E0071BA57 /* SDButtonFormCell.h in CopyFiles */ = {isa = PBXBuildFile; fileRef = B596CAAF199B95DB000AB3A5 /* SDButtonFormCell.h */; };
		B52BE2B319AF657E0071BA57 /* SDDatePickerFormCell.h in CopyFiles */ = {isa = PBXBuildFile; fileRef = B596CAC4199B95DB000AB3A5 /* SDDatePickerFormCell.h */; };
		B52BE2B419AF657E0071BA57 /* SDDatePickerWithLabelFormCell.h in CopyFiles */ = {isa = PBXBuildFile; fileRef = B596CAC7199B95DB000AB3A5 /* SDDatePickerWithLabelFormCell.h */; };
		B52BE2B719AF657E0071BA57 /* SDPickerFormCell.h in CopyFiles */ = {isa = PBXBuildFile; fileRef = B596CAF7199B95DB000AB3A5 /* SDPickerFormCell.h */; };
		B52BE2B819AF657E0071BA57 /* SDLabelFormCell.h in CopyFiles */ = {isa = PBXBuildFile; fileRef = B596CB00199B95DB000AB3A5 /* SDLabelFormCell.h */; };
		B52BE2BA19AF657E0071BA57 /* SDTextFieldWithLabelFormCell.h in CopyFiles */ = {isa = PBXBuildFile; fileRef = B596CB06199B95DB000AB3A5 /* SDTextFieldWithLabelFormCell.h */; };
		B52BE2BC19AF657E0071BA57 /* SDSliderFormCell.h in CopyFiles */ = {isa = PBXBuildFile; fileRef = B596CB15199B95DB000AB3A5 /* SDSliderFormCell.h */; };
		B52BE2BE19AF657E0071BA57 /* SDSwitchFormCell.h in CopyFiles */ = {isa = PBXBuildFile; fileRef = B596CB1E199B95DC000AB3A5 /* SDSwitchFormCell.h */; };
		B52BE2BF19AF657E0071BA57 /* SDTextFieldFormCell.h in CopyFiles */ = {isa = PBXBuildFile; fileRef = B596CB21199B95DC000AB3A5 /* SDTextFieldFormCell.h */; };
		B52BE2C019AF657E0071BA57 /* SDTextViewFormCell.h in CopyFiles */ = {isa = PBXBuildFile; fileRef = B596CB24199B95DC000AB3A5 /* SDTextViewFormCell.h */; };
		B52BE2C119AF657E0071BA57 /* SDForm.h in CopyFiles */ = {isa = PBXBuildFile; fileRef = B596CBC2199BB236000AB3A5 /* SDForm.h */; };
		B52BE2C219AF657E0071BA57 /* SDFormSection.h in CopyFiles */ = {isa = PBXBuildFile; fileRef = B596CBC5199BB244000AB3A5 /* SDFormSection.h */; };
		B52BE2C319AF657E0071BA57 /* SDFormField.h in CopyFiles */ = {isa = PBXBuildFile; fileRef = B596CBC8199BB250000AB3A5 /* SDFormField.h */; };
		B52BE2C419AF657E0071BA57 /* SDFormCell.h in CopyFiles */ = {isa = PBXBuildFile; fileRef = B5C04A2E199CFC8500B09374 /* SDFormCell.h */; };
		B52BE2C719AF66260071BA57 /* Foundation.framework in Frameworks */ = {isa = PBXBuildFile; fileRef = B596CA6C199B9533000AB3A5 /* Foundation.framework */; };
		B558865719B755580082CCF9 /* libSDForms.a in Frameworks */ = {isa = PBXBuildFile; fileRef = B5F8765B19AE1CD900C4AF33 /* libSDForms.a */; };
		B558865A19B755750082CCF9 /* SDFormsResources.bundle in Resources */ = {isa = PBXBuildFile; fileRef = B55F0F7719AF416E00685BCA /* SDFormsResources.bundle */; };
		B55F0F1819AF0F9C00685BCA /* SDButtonField.m in Sources */ = {isa = PBXBuildFile; fileRef = B55F0F1719AF0F9C00685BCA /* SDButtonField.m */; };
		B55F0F1F19AF2F0B00685BCA /* SDSwitchField.m in Sources */ = {isa = PBXBuildFile; fileRef = B55F0F1E19AF2F0B00685BCA /* SDSwitchField.m */; };
		B55F0F7919AF416E00685BCA /* CoreFoundation.framework in Frameworks */ = {isa = PBXBuildFile; fileRef = B55F0F7819AF416E00685BCA /* CoreFoundation.framework */; };
		B55F0F7F19AF416F00685BCA /* InfoPlist.strings in Resources */ = {isa = PBXBuildFile; fileRef = B55F0F7D19AF416F00685BCA /* InfoPlist.strings */; };
		B55F0F8619AF418300685BCA /* SDFormKeyboardToolbar.xib in Resources */ = {isa = PBXBuildFile; fileRef = B596CB9A199B97FB000AB3A5 /* SDFormKeyboardToolbar.xib */; };
		B55F0F8819AF418300685BCA /* SDButtonFormCell.xib in Resources */ = {isa = PBXBuildFile; fileRef = B596CAB1199B95DB000AB3A5 /* SDButtonFormCell.xib */; };
		B55F0F8A19AF418300685BCA /* SDDatePickerFormCell.xib in Resources */ = {isa = PBXBuildFile; fileRef = B596CAC6199B95DB000AB3A5 /* SDDatePickerFormCell.xib */; };
		B55F0F8B19AF418300685BCA /* SDDatePickerWithLabelFormCell.xib in Resources */ = {isa = PBXBuildFile; fileRef = B596CAC9199B95DB000AB3A5 /* SDDatePickerWithLabelFormCell.xib */; };
		B55F0F8E19AF418300685BCA /* SDPickerFormCell.xib in Resources */ = {isa = PBXBuildFile; fileRef = B596CAF9199B95DB000AB3A5 /* SDPickerFormCell.xib */; };
		B55F0F8F19AF418300685BCA /* SDLabelFormCell.xib in Resources */ = {isa = PBXBuildFile; fileRef = B596CB02199B95DB000AB3A5 /* SDLabelFormCell.xib */; };
		B55F0F9119AF418300685BCA /* SDTextFieldWithLabelFormCell.xib in Resources */ = {isa = PBXBuildFile; fileRef = B596CB08199B95DB000AB3A5 /* SDTextFieldWithLabelFormCell.xib */; };
		B55F0F9319AF418300685BCA /* SDSliderFormCell.xib in Resources */ = {isa = PBXBuildFile; fileRef = B596CB17199B95DB000AB3A5 /* SDSliderFormCell.xib */; };
		B55F0F9519AF418300685BCA /* SDSwitchFormCell.xib in Resources */ = {isa = PBXBuildFile; fileRef = B596CB20199B95DC000AB3A5 /* SDSwitchFormCell.xib */; };
		B55F0F9619AF418300685BCA /* SDTextFieldFormCell.xib in Resources */ = {isa = PBXBuildFile; fileRef = B596CB23199B95DC000AB3A5 /* SDTextFieldFormCell.xib */; };
		B55F0F9719AF418300685BCA /* SDTextViewFormCell.xib in Resources */ = {isa = PBXBuildFile; fileRef = B596CB26199B95DC000AB3A5 /* SDTextViewFormCell.xib */; };
		B59132111A6038500028FBE7 /* NSObject+Differences.m in Sources */ = {isa = PBXBuildFile; fileRef = B59132101A6038500028FBE7 /* NSObject+Differences.m */; };
		B596CA6D199B9533000AB3A5 /* Foundation.framework in Frameworks */ = {isa = PBXBuildFile; fileRef = B596CA6C199B9533000AB3A5 /* Foundation.framework */; };
		B596CA6F199B9533000AB3A5 /* CoreGraphics.framework in Frameworks */ = {isa = PBXBuildFile; fileRef = B596CA6E199B9533000AB3A5 /* CoreGraphics.framework */; };
		B596CA71199B9533000AB3A5 /* UIKit.framework in Frameworks */ = {isa = PBXBuildFile; fileRef = B596CA70199B9533000AB3A5 /* UIKit.framework */; };
		B5E000061AC2F6C2000E13CB /* libSDForms.a in Frameworks */ = {isa = PBXBuildFile; fileRef = B5F8765B19AE1CD900C4AF33 /* libSDForms.a */; };
		B5E0000C1AC2F6D6000E13CB /* TestClass.m in Sources */ = {isa = PBXBuildFile; fileRef = B5E0FFF71AC2F182000E13CB /* TestClass.m */; };
		B5F8765119AE1BAB00C4AF33 /* InfoPlist.strings in Resources */ = {isa = PBXBuildFile; fileRef = B5F8764619AE1BAB00C4AF33 /* InfoPlist.strings */; };
		B5F8765219AE1BAB00C4AF33 /* Images.xcassets in Resources */ = {isa = PBXBuildFile; fileRef = B5F8764819AE1BAB00C4AF33 /* Images.xcassets */; };
		B5F8765319AE1BAB00C4AF33 /* main.m in Sources */ = {isa = PBXBuildFile; fileRef = B5F8764919AE1BAB00C4AF33 /* main.m */; };
		B5F8765419AE1BAB00C4AF33 /* SDAppDelegate.m in Sources */ = {isa = PBXBuildFile; fileRef = B5F8764B19AE1BAB00C4AF33 /* SDAppDelegate.m */; };
		B5F8765619AE1BAB00C4AF33 /* SDViewController.m in Sources */ = {isa = PBXBuildFile; fileRef = B5F8764F19AE1BAB00C4AF33 /* SDViewController.m */; };
		B5F8765C19AE1CDA00C4AF33 /* Foundation.framework in Frameworks */ = {isa = PBXBuildFile; fileRef = B596CA6C199B9533000AB3A5 /* Foundation.framework */; };
		B5F8767F19AE1E0300C4AF33 /* SDFormItemsPickerViewController.m in Sources */ = {isa = PBXBuildFile; fileRef = B56123A119AB40D8002BB86D /* SDFormItemsPickerViewController.m */; };
		B5F8768019AE1E1000C4AF33 /* SDDatePickerField.m in Sources */ = {isa = PBXBuildFile; fileRef = B57ABC8619A777950062BDBB /* SDDatePickerField.m */; };
		B5F8768119AE1E1000C4AF33 /* SDTextFormField.m in Sources */ = {isa = PBXBuildFile; fileRef = B57ABC8819A777950062BDBB /* SDTextFormField.m */; };
		B5F8768219AE1E1000C4AF33 /* SDPickerField.m in Sources */ = {isa = PBXBuildFile; fileRef = B57ABC8C19A777BE0062BDBB /* SDPickerField.m */; };
		B5F8768319AE1E1000C4AF33 /* SDItemSelectionField.m in Sources */ = {isa = PBXBuildFile; fileRef = B561239C19AB3590002BB86D /* SDItemSelectionField.m */; };
		B5F8768419AE1E1000C4AF33 /* SDMultilineTextField.m in Sources */ = {isa = PBXBuildFile; fileRef = B59DD0A519AC8DE3005204A1 /* SDMultilineTextField.m */; };
		B5F8768519AE1E1000C4AF33 /* SDSliderField.m in Sources */ = {isa = PBXBuildFile; fileRef = B59DD0A919ACC074005204A1 /* SDSliderField.m */; };
		B5F8768619AE1E1000C4AF33 /* SDLabelField.m in Sources */ = {isa = PBXBuildFile; fileRef = B5F8764019ADD13400C4AF33 /* SDLabelField.m */; };
		B5F8768A19AE1E2B00C4AF33 /* UIColor+HexColor.m in Sources */ = {isa = PBXBuildFile; fileRef = B596CBAF199B98B0000AB3A5 /* UIColor+HexColor.m */; };
		B5F8768B19AE1E2B00C4AF33 /* UIImage+Colorize.m in Sources */ = {isa = PBXBuildFile; fileRef = B596CBB1199B98B0000AB3A5 /* UIImage+Colorize.m */; };
		B5F8768C19AE1E2B00C4AF33 /* NSMutableArray+IndexSelection.m in Sources */ = {isa = PBXBuildFile; fileRef = B56123A619AB4BFC002BB86D /* NSMutableArray+IndexSelection.m */; };
		B5F8768F19AE1E4D00C4AF33 /* SDTextFieldView.m in Sources */ = {isa = PBXBuildFile; fileRef = B596CBA4199B9836000AB3A5 /* SDTextFieldView.m */; };
		B5F8769019AE1E4D00C4AF33 /* SDFormTextView.m in Sources */ = {isa = PBXBuildFile; fileRef = B596CBA6199B9836000AB3A5 /* SDFormTextView.m */; };
		B5F8769119AE1E4D00C4AF33 /* SDFormKeyboardToolbar.m in Sources */ = {isa = PBXBuildFile; fileRef = B596CB99199B97FB000AB3A5 /* SDFormKeyboardToolbar.m */; };
		B5F8769319AE1E4D00C4AF33 /* SDButtonFormCell.m in Sources */ = {isa = PBXBuildFile; fileRef = B596CAB0199B95DB000AB3A5 /* SDButtonFormCell.m */; };
		B5F8769519AE1E4D00C4AF33 /* SDDatePickerFormCell.m in Sources */ = {isa = PBXBuildFile; fileRef = B596CAC5199B95DB000AB3A5 /* SDDatePickerFormCell.m */; };
		B5F8769619AE1E4D00C4AF33 /* SDDatePickerWithLabelFormCell.m in Sources */ = {isa = PBXBuildFile; fileRef = B596CAC8199B95DB000AB3A5 /* SDDatePickerWithLabelFormCell.m */; };
		B5F8769919AE1E4D00C4AF33 /* SDPickerFormCell.m in Sources */ = {isa = PBXBuildFile; fileRef = B596CAF8199B95DB000AB3A5 /* SDPickerFormCell.m */; };
		B5F8769A19AE1E4D00C4AF33 /* SDLabelFormCell.m in Sources */ = {isa = PBXBuildFile; fileRef = B596CB01199B95DB000AB3A5 /* SDLabelFormCell.m */; };
		B5F8769C19AE1E4D00C4AF33 /* SDTextFieldWithLabelFormCell.m in Sources */ = {isa = PBXBuildFile; fileRef = B596CB07199B95DB000AB3A5 /* SDTextFieldWithLabelFormCell.m */; };
		B5F8769E19AE1E4D00C4AF33 /* SDSliderFormCell.m in Sources */ = {isa = PBXBuildFile; fileRef = B596CB16199B95DB000AB3A5 /* SDSliderFormCell.m */; };
		B5F876A019AE1E4D00C4AF33 /* SDSwitchFormCell.m in Sources */ = {isa = PBXBuildFile; fileRef = B596CB1F199B95DC000AB3A5 /* SDSwitchFormCell.m */; };
		B5F876A119AE1E4D00C4AF33 /* SDTextFieldFormCell.m in Sources */ = {isa = PBXBuildFile; fileRef = B596CB22199B95DC000AB3A5 /* SDTextFieldFormCell.m */; };
		B5F876A219AE1E4D00C4AF33 /* SDTextViewFormCell.m in Sources */ = {isa = PBXBuildFile; fileRef = B596CB25199B95DC000AB3A5 /* SDTextViewFormCell.m */; };
		B5F876A319AE1E5B00C4AF33 /* SDForm.m in Sources */ = {isa = PBXBuildFile; fileRef = B596CBC3199BB236000AB3A5 /* SDForm.m */; };
		B5F876A419AE1E5B00C4AF33 /* SDFormSection.m in Sources */ = {isa = PBXBuildFile; fileRef = B596CBC6199BB244000AB3A5 /* SDFormSection.m */; };
		B5F876A519AE1E5B00C4AF33 /* SDFormField.m in Sources */ = {isa = PBXBuildFile; fileRef = B596CBC9199BB250000AB3A5 /* SDFormField.m */; };
		B5F876A619AE1E5B00C4AF33 /* SDFormCell.m in Sources */ = {isa = PBXBuildFile; fileRef = B5C04A2F199CFC8600B09374 /* SDFormCell.m */; };
		B5F876A719AE1EA900C4AF33 /* CoreGraphics.framework in Frameworks */ = {isa = PBXBuildFile; fileRef = B596CA6E199B9533000AB3A5 /* CoreGraphics.framework */; };
		B5F876A819AE1EAF00C4AF33 /* UIKit.framework in Frameworks */ = {isa = PBXBuildFile; fileRef = B596CA70199B9533000AB3A5 /* UIKit.framework */; };
		B5F876A919AE1ED100C4AF33 /* Main.storyboard in Resources */ = {isa = PBXBuildFile; fileRef = B5F8764419AE1BAB00C4AF33 /* Main.storyboard */; };
		B5F876AA19AE1F0A00C4AF33 /* SDFormItemsPickerViewController.xib in CopyFiles */ = {isa = PBXBuildFile; fileRef = B56123A219AB40D8002BB86D /* SDFormItemsPickerViewController.xib */; };
		B5F876AD19AE1F0A00C4AF33 /* SDFormKeyboardToolbar.xib in CopyFiles */ = {isa = PBXBuildFile; fileRef = B596CB9A199B97FB000AB3A5 /* SDFormKeyboardToolbar.xib */; };
		B5F876AF19AE1F0A00C4AF33 /* SDButtonFormCell.xib in CopyFiles */ = {isa = PBXBuildFile; fileRef = B596CAB1199B95DB000AB3A5 /* SDButtonFormCell.xib */; };
		B5F876B119AE1F0A00C4AF33 /* SDDatePickerFormCell.xib in CopyFiles */ = {isa = PBXBuildFile; fileRef = B596CAC6199B95DB000AB3A5 /* SDDatePickerFormCell.xib */; };
		B5F876B219AE1F0A00C4AF33 /* SDDatePickerWithLabelFormCell.xib in CopyFiles */ = {isa = PBXBuildFile; fileRef = B596CAC9199B95DB000AB3A5 /* SDDatePickerWithLabelFormCell.xib */; };
		B5F876B519AE1F0A00C4AF33 /* SDPickerFormCell.xib in CopyFiles */ = {isa = PBXBuildFile; fileRef = B596CAF9199B95DB000AB3A5 /* SDPickerFormCell.xib */; };
		B5F876B619AE1F0A00C4AF33 /* SDLabelFormCell.xib in CopyFiles */ = {isa = PBXBuildFile; fileRef = B596CB02199B95DB000AB3A5 /* SDLabelFormCell.xib */; };
		B5F876B819AE1F0A00C4AF33 /* SDTextFieldWithLabelFormCell.xib in CopyFiles */ = {isa = PBXBuildFile; fileRef = B596CB08199B95DB000AB3A5 /* SDTextFieldWithLabelFormCell.xib */; };
		B5F876BA19AE1F0A00C4AF33 /* SDSliderFormCell.xib in CopyFiles */ = {isa = PBXBuildFile; fileRef = B596CB17199B95DB000AB3A5 /* SDSliderFormCell.xib */; };
		B5F876BC19AE1F0A00C4AF33 /* SDSwitchFormCell.xib in CopyFiles */ = {isa = PBXBuildFile; fileRef = B596CB20199B95DC000AB3A5 /* SDSwitchFormCell.xib */; };
		B5F876BD19AE1F0A00C4AF33 /* SDTextFieldFormCell.xib in CopyFiles */ = {isa = PBXBuildFile; fileRef = B596CB23199B95DC000AB3A5 /* SDTextFieldFormCell.xib */; };
		B5F876BE19AE1F0A00C4AF33 /* SDTextViewFormCell.xib in CopyFiles */ = {isa = PBXBuildFile; fileRef = B596CB26199B95DC000AB3A5 /* SDTextViewFormCell.xib */; };
/* End PBXBuildFile section */

/* Begin PBXContainerItemProxy section */
		B52BE29319AF64210071BA57 /* PBXContainerItemProxy */ = {
			isa = PBXContainerItemProxy;
			containerPortal = B596CA61199B9533000AB3A5 /* Project object */;
			proxyType = 1;
			remoteGlobalIDString = B55F0F7619AF416E00685BCA;
			remoteInfo = SDFormsResources;
		};
		B558865819B7555B0082CCF9 /* PBXContainerItemProxy */ = {
			isa = PBXContainerItemProxy;
			containerPortal = B596CA61199B9533000AB3A5 /* Project object */;
			proxyType = 1;
			remoteGlobalIDString = B5F8765A19AE1CD900C4AF33;
			remoteInfo = SDForms;
		};
		B5E000071AC2F6C2000E13CB /* PBXContainerItemProxy */ = {
			isa = PBXContainerItemProxy;
			containerPortal = B596CA61199B9533000AB3A5 /* Project object */;
			proxyType = 1;
			remoteGlobalIDString = B5F8765A19AE1CD900C4AF33;
			remoteInfo = SDForms;
		};
/* End PBXContainerItemProxy section */

/* Begin PBXCopyFilesBuildPhase section */
		B5F8765919AE1CD900C4AF33 /* CopyFiles */ = {
			isa = PBXCopyFilesBuildPhase;
			buildActionMask = 2147483647;
			dstPath = "include/$(PRODUCT_NAME)";
			dstSubfolderSpec = 16;
			files = (
				B52BE29A19AF657E0071BA57 /* SDForms.h in CopyFiles */,
				B52BE29B19AF657E0071BA57 /* SDFormItemsPickerViewController.h in CopyFiles */,
				B52BE29C19AF657E0071BA57 /* SDDatePickerField.h in CopyFiles */,
				B52BE29D19AF657E0071BA57 /* SDTextFormField.h in CopyFiles */,
				B52BE29E19AF657E0071BA57 /* SDPickerField.h in CopyFiles */,
				B52BE29F19AF657E0071BA57 /* SDItemSelectionField.h in CopyFiles */,
				B52BE2A019AF657E0071BA57 /* SDMultilineTextField.h in CopyFiles */,
				B52BE2A119AF657E0071BA57 /* SDSliderField.h in CopyFiles */,
				B52BE2A219AF657E0071BA57 /* SDLabelField.h in CopyFiles */,
				B52BE2A319AF657E0071BA57 /* SDButtonField.h in CopyFiles */,
				B52BE2A419AF657E0071BA57 /* SDSwitchField.h in CopyFiles */,
				B52BE2A819AF657E0071BA57 /* UIColor+HexColor.h in CopyFiles */,
				B52BE2A919AF657E0071BA57 /* UIImage+Colorize.h in CopyFiles */,
				B52BE2AA19AF657E0071BA57 /* NSMutableArray+IndexSelection.h in CopyFiles */,
				B52BE2AD19AF657E0071BA57 /* SDTextFieldView.h in CopyFiles */,
				B52BE2AE19AF657E0071BA57 /* SDFormTextView.h in CopyFiles */,
				B52BE2AF19AF657E0071BA57 /* SDFormKeyboardToolbar.h in CopyFiles */,
				B52BE2B119AF657E0071BA57 /* SDButtonFormCell.h in CopyFiles */,
				B52BE2B319AF657E0071BA57 /* SDDatePickerFormCell.h in CopyFiles */,
				B52BE2B419AF657E0071BA57 /* SDDatePickerWithLabelFormCell.h in CopyFiles */,
				B52BE2B719AF657E0071BA57 /* SDPickerFormCell.h in CopyFiles */,
				B52BE2B819AF657E0071BA57 /* SDLabelFormCell.h in CopyFiles */,
				B52BE2BA19AF657E0071BA57 /* SDTextFieldWithLabelFormCell.h in CopyFiles */,
				B52BE2BC19AF657E0071BA57 /* SDSliderFormCell.h in CopyFiles */,
				B52BE2BE19AF657E0071BA57 /* SDSwitchFormCell.h in CopyFiles */,
				B52BE2BF19AF657E0071BA57 /* SDTextFieldFormCell.h in CopyFiles */,
				B52BE2C019AF657E0071BA57 /* SDTextViewFormCell.h in CopyFiles */,
				B52BE2C119AF657E0071BA57 /* SDForm.h in CopyFiles */,
				B52BE2C219AF657E0071BA57 /* SDFormSection.h in CopyFiles */,
				B52BE2C319AF657E0071BA57 /* SDFormField.h in CopyFiles */,
				B52BE2C419AF657E0071BA57 /* SDFormCell.h in CopyFiles */,
				B5F876AA19AE1F0A00C4AF33 /* SDFormItemsPickerViewController.xib in CopyFiles */,
				B5F876AD19AE1F0A00C4AF33 /* SDFormKeyboardToolbar.xib in CopyFiles */,
				B5F876AF19AE1F0A00C4AF33 /* SDButtonFormCell.xib in CopyFiles */,
				B5F876B119AE1F0A00C4AF33 /* SDDatePickerFormCell.xib in CopyFiles */,
				B5F876B219AE1F0A00C4AF33 /* SDDatePickerWithLabelFormCell.xib in CopyFiles */,
				B5F876B519AE1F0A00C4AF33 /* SDPickerFormCell.xib in CopyFiles */,
				B5F876B619AE1F0A00C4AF33 /* SDLabelFormCell.xib in CopyFiles */,
				B5F876B819AE1F0A00C4AF33 /* SDTextFieldWithLabelFormCell.xib in CopyFiles */,
				B5F876BA19AE1F0A00C4AF33 /* SDSliderFormCell.xib in CopyFiles */,
				B5F876BC19AE1F0A00C4AF33 /* SDSwitchFormCell.xib in CopyFiles */,
				B5F876BD19AE1F0A00C4AF33 /* SDTextFieldFormCell.xib in CopyFiles */,
				B5F876BE19AE1F0A00C4AF33 /* SDTextViewFormCell.xib in CopyFiles */,
			);
			runOnlyForDeploymentPostprocessing = 0;
		};
/* End PBXCopyFilesBuildPhase section */

/* Begin PBXFileReference section */
		16F3C750D5D3D7DA1494E7A2 /* Pods_SDForms.framework */ = {isa = PBXFileReference; explicitFileType = wrapper.framework; includeInIndex = 0; path = Pods_SDForms.framework; sourceTree = BUILT_PRODUCTS_DIR; };
		3082B8EEA480C16B0636483B /* Pods-SDForms.release.xcconfig */ = {isa = PBXFileReference; includeInIndex = 1; lastKnownFileType = text.xcconfig; name = "Pods-SDForms.release.xcconfig"; path = "Pods/Target Support Files/Pods-SDForms/Pods-SDForms.release.xcconfig"; sourceTree = "<group>"; };
		4FF94D8A4C0A743B359A8BE4 /* Pods-SDFormsTests.debug.xcconfig */ = {isa = PBXFileReference; includeInIndex = 1; lastKnownFileType = text.xcconfig; name = "Pods-SDFormsTests.debug.xcconfig"; path = "Pods/Target Support Files/Pods-SDFormsTests/Pods-SDFormsTests.debug.xcconfig"; sourceTree = "<group>"; };
		5C50158336DED90316D0F470 /* Pods_SDFormsTests.framework */ = {isa = PBXFileReference; explicitFileType = wrapper.framework; includeInIndex = 0; path = Pods_SDFormsTests.framework; sourceTree = BUILT_PRODUCTS_DIR; };
		64494AE8FE314D64E2D55D55 /* Pods-SDForms.debug.xcconfig */ = {isa = PBXFileReference; includeInIndex = 1; lastKnownFileType = text.xcconfig; name = "Pods-SDForms.debug.xcconfig"; path = "Pods/Target Support Files/Pods-SDForms/Pods-SDForms.debug.xcconfig"; sourceTree = "<group>"; };
		878CF7961CF158EC006DA4A0 /* HCSStarRatingView.m */ = {isa = PBXFileReference; lastKnownFileType = sourcecode.c.objc; name = HCSStarRatingView.m; path = ../../../Pods/HCSStarRatingView/HCSStarRatingView/HCSStarRatingView.m; sourceTree = "<group>"; };
		87E223041CEFA1C900F21858 /* BVRatingStarsField.h */ = {isa = PBXFileReference; fileEncoding = 4; lastKnownFileType = sourcecode.c.h; path = BVRatingStarsField.h; sourceTree = "<group>"; };
		87E223051CEFA1C900F21858 /* BVRatingStarsField.m */ = {isa = PBXFileReference; fileEncoding = 4; lastKnownFileType = sourcecode.c.objc; path = BVRatingStarsField.m; sourceTree = "<group>"; };
		87E223071CEFA28400F21858 /* BVRatingStarsFormCell.h */ = {isa = PBXFileReference; fileEncoding = 4; lastKnownFileType = sourcecode.c.h; path = BVRatingStarsFormCell.h; sourceTree = "<group>"; };
		87E223081CEFA28400F21858 /* BVRatingStarsFormCell.m */ = {isa = PBXFileReference; fileEncoding = 4; lastKnownFileType = sourcecode.c.objc; path = BVRatingStarsFormCell.m; sourceTree = "<group>"; };
		87E2230A1CEFA2D000F21858 /* BVRatingStarsFormCell.xib */ = {isa = PBXFileReference; fileEncoding = 4; lastKnownFileType = file.xib; path = BVRatingStarsFormCell.xib; sourceTree = "<group>"; };
		B5183A0619C9CEAA00A9B858 /* NSMutableDictionary+SDExtensions.h */ = {isa = PBXFileReference; fileEncoding = 4; lastKnownFileType = sourcecode.c.h; path = "NSMutableDictionary+SDExtensions.h"; sourceTree = "<group>"; };
		B5183A0719C9CEAA00A9B858 /* NSMutableDictionary+SDExtensions.m */ = {isa = PBXFileReference; fileEncoding = 4; lastKnownFileType = sourcecode.c.objc; path = "NSMutableDictionary+SDExtensions.m"; sourceTree = "<group>"; };
		B5183A0919C9D7DC00A9B858 /* SDLaunchScreen.xib */ = {isa = PBXFileReference; fileEncoding = 4; lastKnownFileType = file.xib; path = SDLaunchScreen.xib; sourceTree = "<group>"; };
		B51D24721A77F48A006F5B00 /* SDPhotoCell.h */ = {isa = PBXFileReference; fileEncoding = 4; lastKnownFileType = sourcecode.c.h; path = SDPhotoCell.h; sourceTree = "<group>"; };
		B51D24731A77F48A006F5B00 /* SDPhotoCell.m */ = {isa = PBXFileReference; fileEncoding = 4; lastKnownFileType = sourcecode.c.objc; path = SDPhotoCell.m; sourceTree = "<group>"; };
		B51D24781A77F4ED006F5B00 /* SDPhotoCell.xib */ = {isa = PBXFileReference; fileEncoding = 4; lastKnownFileType = file.xib; path = SDPhotoCell.xib; sourceTree = "<group>"; };
		B51D247A1A77F5B3006F5B00 /* SDPhotoField.h */ = {isa = PBXFileReference; fileEncoding = 4; lastKnownFileType = sourcecode.c.h; path = SDPhotoField.h; sourceTree = "<group>"; };
		B51D247B1A77F5B3006F5B00 /* SDPhotoField.m */ = {isa = PBXFileReference; fileEncoding = 4; lastKnownFileType = sourcecode.c.objc; path = SDPhotoField.m; sourceTree = "<group>"; };
		B55F0F1619AF0F9C00685BCA /* SDButtonField.h */ = {isa = PBXFileReference; fileEncoding = 4; lastKnownFileType = sourcecode.c.h; path = SDButtonField.h; sourceTree = "<group>"; };
		B55F0F1719AF0F9C00685BCA /* SDButtonField.m */ = {isa = PBXFileReference; fileEncoding = 4; lastKnownFileType = sourcecode.c.objc; path = SDButtonField.m; sourceTree = "<group>"; };
		B55F0F1D19AF2F0B00685BCA /* SDSwitchField.h */ = {isa = PBXFileReference; fileEncoding = 4; lastKnownFileType = sourcecode.c.h; path = SDSwitchField.h; sourceTree = "<group>"; };
		B55F0F1E19AF2F0B00685BCA /* SDSwitchField.m */ = {isa = PBXFileReference; fileEncoding = 4; lastKnownFileType = sourcecode.c.objc; path = SDSwitchField.m; sourceTree = "<group>"; };
		B55F0F7719AF416E00685BCA /* SDFormsResources.bundle */ = {isa = PBXFileReference; explicitFileType = wrapper.cfbundle; includeInIndex = 0; path = SDFormsResources.bundle; sourceTree = BUILT_PRODUCTS_DIR; };
		B55F0F7819AF416E00685BCA /* CoreFoundation.framework */ = {isa = PBXFileReference; lastKnownFileType = wrapper.framework; name = CoreFoundation.framework; path = System/Library/Frameworks/CoreFoundation.framework; sourceTree = SDKROOT; };
		B55F0F7C19AF416E00685BCA /* SDFormsResources-Info.plist */ = {isa = PBXFileReference; lastKnownFileType = text.plist.xml; path = "SDFormsResources-Info.plist"; sourceTree = "<group>"; };
		B55F0F7E19AF416F00685BCA /* en */ = {isa = PBXFileReference; lastKnownFileType = text.plist.strings; name = en; path = en.lproj/InfoPlist.strings; sourceTree = "<group>"; };
		B55F0F8019AF416F00685BCA /* SDFormsResources-Prefix.pch */ = {isa = PBXFileReference; lastKnownFileType = sourcecode.c.h; path = "SDFormsResources-Prefix.pch"; sourceTree = "<group>"; };
		B561239B19AB3590002BB86D /* SDItemSelectionField.h */ = {isa = PBXFileReference; fileEncoding = 4; lastKnownFileType = sourcecode.c.h; path = SDItemSelectionField.h; sourceTree = "<group>"; };
		B561239C19AB3590002BB86D /* SDItemSelectionField.m */ = {isa = PBXFileReference; fileEncoding = 4; lastKnownFileType = sourcecode.c.objc; path = SDItemSelectionField.m; sourceTree = "<group>"; };
		B56123A019AB40D8002BB86D /* SDFormItemsPickerViewController.h */ = {isa = PBXFileReference; fileEncoding = 4; lastKnownFileType = sourcecode.c.h; path = SDFormItemsPickerViewController.h; sourceTree = "<group>"; };
		B56123A119AB40D8002BB86D /* SDFormItemsPickerViewController.m */ = {isa = PBXFileReference; fileEncoding = 4; lastKnownFileType = sourcecode.c.objc; path = SDFormItemsPickerViewController.m; sourceTree = "<group>"; };
		B56123A219AB40D8002BB86D /* SDFormItemsPickerViewController.xib */ = {isa = PBXFileReference; fileEncoding = 4; lastKnownFileType = file.xib; path = SDFormItemsPickerViewController.xib; sourceTree = "<group>"; };
		B56123A519AB4BFC002BB86D /* NSMutableArray+IndexSelection.h */ = {isa = PBXFileReference; fileEncoding = 4; lastKnownFileType = sourcecode.c.h; path = "NSMutableArray+IndexSelection.h"; sourceTree = "<group>"; };
		B56123A619AB4BFC002BB86D /* NSMutableArray+IndexSelection.m */ = {isa = PBXFileReference; fileEncoding = 4; lastKnownFileType = sourcecode.c.objc; path = "NSMutableArray+IndexSelection.m"; sourceTree = "<group>"; };
		B57ABC8519A777950062BDBB /* SDDatePickerField.h */ = {isa = PBXFileReference; fileEncoding = 4; lastKnownFileType = sourcecode.c.h; path = SDDatePickerField.h; sourceTree = "<group>"; };
		B57ABC8619A777950062BDBB /* SDDatePickerField.m */ = {isa = PBXFileReference; fileEncoding = 4; lastKnownFileType = sourcecode.c.objc; path = SDDatePickerField.m; sourceTree = "<group>"; };
		B57ABC8719A777950062BDBB /* SDTextFormField.h */ = {isa = PBXFileReference; fileEncoding = 4; lastKnownFileType = sourcecode.c.h; path = SDTextFormField.h; sourceTree = "<group>"; };
		B57ABC8819A777950062BDBB /* SDTextFormField.m */ = {isa = PBXFileReference; fileEncoding = 4; lastKnownFileType = sourcecode.c.objc; path = SDTextFormField.m; sourceTree = "<group>"; };
		B57ABC8B19A777BE0062BDBB /* SDPickerField.h */ = {isa = PBXFileReference; fileEncoding = 4; lastKnownFileType = sourcecode.c.h; path = SDPickerField.h; sourceTree = "<group>"; };
		B57ABC8C19A777BE0062BDBB /* SDPickerField.m */ = {isa = PBXFileReference; fileEncoding = 4; lastKnownFileType = sourcecode.c.objc; path = SDPickerField.m; sourceTree = "<group>"; };
		B591320F1A6038500028FBE7 /* NSObject+Differences.h */ = {isa = PBXFileReference; fileEncoding = 4; lastKnownFileType = sourcecode.c.h; path = "NSObject+Differences.h"; sourceTree = "<group>"; };
		B59132101A6038500028FBE7 /* NSObject+Differences.m */ = {isa = PBXFileReference; fileEncoding = 4; lastKnownFileType = sourcecode.c.objc; path = "NSObject+Differences.m"; sourceTree = "<group>"; };
		B596CA69199B9533000AB3A5 /* SDFormsExamples.app */ = {isa = PBXFileReference; explicitFileType = wrapper.application; includeInIndex = 0; path = SDFormsExamples.app; sourceTree = BUILT_PRODUCTS_DIR; };
		B596CA6C199B9533000AB3A5 /* Foundation.framework */ = {isa = PBXFileReference; lastKnownFileType = wrapper.framework; name = Foundation.framework; path = System/Library/Frameworks/Foundation.framework; sourceTree = SDKROOT; };
		B596CA6E199B9533000AB3A5 /* CoreGraphics.framework */ = {isa = PBXFileReference; lastKnownFileType = wrapper.framework; name = CoreGraphics.framework; path = System/Library/Frameworks/CoreGraphics.framework; sourceTree = SDKROOT; };
		B596CA70199B9533000AB3A5 /* UIKit.framework */ = {isa = PBXFileReference; lastKnownFileType = wrapper.framework; name = UIKit.framework; path = System/Library/Frameworks/UIKit.framework; sourceTree = SDKROOT; };
		B596CA8B199B9533000AB3A5 /* XCTest.framework */ = {isa = PBXFileReference; lastKnownFileType = wrapper.framework; name = XCTest.framework; path = Library/Frameworks/XCTest.framework; sourceTree = DEVELOPER_DIR; };
		B596CA93199B9533000AB3A5 /* SDFormsTests-Info.plist */ = {isa = PBXFileReference; lastKnownFileType = text.plist.xml; path = "SDFormsTests-Info.plist"; sourceTree = "<group>"; };
		B596CA97199B9533000AB3A5 /* SDFormsTests.m */ = {isa = PBXFileReference; lastKnownFileType = sourcecode.c.objc; path = SDFormsTests.m; sourceTree = "<group>"; };
		B596CAAF199B95DB000AB3A5 /* SDButtonFormCell.h */ = {isa = PBXFileReference; fileEncoding = 4; lastKnownFileType = sourcecode.c.h; lineEnding = 0; path = SDButtonFormCell.h; sourceTree = "<group>"; xcLanguageSpecificationIdentifier = xcode.lang.objcpp; };
		B596CAB0199B95DB000AB3A5 /* SDButtonFormCell.m */ = {isa = PBXFileReference; fileEncoding = 4; lastKnownFileType = sourcecode.c.objc; lineEnding = 0; path = SDButtonFormCell.m; sourceTree = "<group>"; xcLanguageSpecificationIdentifier = xcode.lang.objc; };
		B596CAB1199B95DB000AB3A5 /* SDButtonFormCell.xib */ = {isa = PBXFileReference; fileEncoding = 4; lastKnownFileType = file.xib; path = SDButtonFormCell.xib; sourceTree = "<group>"; };
		B596CAC4199B95DB000AB3A5 /* SDDatePickerFormCell.h */ = {isa = PBXFileReference; fileEncoding = 4; lastKnownFileType = sourcecode.c.h; lineEnding = 0; path = SDDatePickerFormCell.h; sourceTree = "<group>"; xcLanguageSpecificationIdentifier = xcode.lang.objcpp; };
		B596CAC5199B95DB000AB3A5 /* SDDatePickerFormCell.m */ = {isa = PBXFileReference; fileEncoding = 4; lastKnownFileType = sourcecode.c.objc; lineEnding = 0; path = SDDatePickerFormCell.m; sourceTree = "<group>"; xcLanguageSpecificationIdentifier = xcode.lang.objc; };
		B596CAC6199B95DB000AB3A5 /* SDDatePickerFormCell.xib */ = {isa = PBXFileReference; fileEncoding = 4; lastKnownFileType = file.xib; path = SDDatePickerFormCell.xib; sourceTree = "<group>"; };
		B596CAC7199B95DB000AB3A5 /* SDDatePickerWithLabelFormCell.h */ = {isa = PBXFileReference; fileEncoding = 4; lastKnownFileType = sourcecode.c.h; lineEnding = 0; path = SDDatePickerWithLabelFormCell.h; sourceTree = "<group>"; xcLanguageSpecificationIdentifier = xcode.lang.objcpp; };
		B596CAC8199B95DB000AB3A5 /* SDDatePickerWithLabelFormCell.m */ = {isa = PBXFileReference; fileEncoding = 4; lastKnownFileType = sourcecode.c.objc; lineEnding = 0; path = SDDatePickerWithLabelFormCell.m; sourceTree = "<group>"; xcLanguageSpecificationIdentifier = xcode.lang.objc; };
		B596CAC9199B95DB000AB3A5 /* SDDatePickerWithLabelFormCell.xib */ = {isa = PBXFileReference; fileEncoding = 4; lastKnownFileType = file.xib; path = SDDatePickerWithLabelFormCell.xib; sourceTree = "<group>"; };
		B596CAF7199B95DB000AB3A5 /* SDPickerFormCell.h */ = {isa = PBXFileReference; fileEncoding = 4; lastKnownFileType = sourcecode.c.h; path = SDPickerFormCell.h; sourceTree = "<group>"; };
		B596CAF8199B95DB000AB3A5 /* SDPickerFormCell.m */ = {isa = PBXFileReference; fileEncoding = 4; lastKnownFileType = sourcecode.c.objc; path = SDPickerFormCell.m; sourceTree = "<group>"; };
		B596CAF9199B95DB000AB3A5 /* SDPickerFormCell.xib */ = {isa = PBXFileReference; fileEncoding = 4; lastKnownFileType = file.xib; path = SDPickerFormCell.xib; sourceTree = "<group>"; };
		B596CB00199B95DB000AB3A5 /* SDLabelFormCell.h */ = {isa = PBXFileReference; fileEncoding = 4; lastKnownFileType = sourcecode.c.h; lineEnding = 0; path = SDLabelFormCell.h; sourceTree = "<group>"; xcLanguageSpecificationIdentifier = xcode.lang.objcpp; };
		B596CB01199B95DB000AB3A5 /* SDLabelFormCell.m */ = {isa = PBXFileReference; fileEncoding = 4; lastKnownFileType = sourcecode.c.objc; lineEnding = 0; path = SDLabelFormCell.m; sourceTree = "<group>"; xcLanguageSpecificationIdentifier = xcode.lang.objc; };
		B596CB02199B95DB000AB3A5 /* SDLabelFormCell.xib */ = {isa = PBXFileReference; fileEncoding = 4; lastKnownFileType = file.xib; path = SDLabelFormCell.xib; sourceTree = "<group>"; };
		B596CB06199B95DB000AB3A5 /* SDTextFieldWithLabelFormCell.h */ = {isa = PBXFileReference; fileEncoding = 4; lastKnownFileType = sourcecode.c.h; path = SDTextFieldWithLabelFormCell.h; sourceTree = "<group>"; };
		B596CB07199B95DB000AB3A5 /* SDTextFieldWithLabelFormCell.m */ = {isa = PBXFileReference; fileEncoding = 4; lastKnownFileType = sourcecode.c.objc; path = SDTextFieldWithLabelFormCell.m; sourceTree = "<group>"; };
		B596CB08199B95DB000AB3A5 /* SDTextFieldWithLabelFormCell.xib */ = {isa = PBXFileReference; fileEncoding = 4; lastKnownFileType = file.xib; path = SDTextFieldWithLabelFormCell.xib; sourceTree = "<group>"; };
		B596CB15199B95DB000AB3A5 /* SDSliderFormCell.h */ = {isa = PBXFileReference; fileEncoding = 4; lastKnownFileType = sourcecode.c.h; path = SDSliderFormCell.h; sourceTree = "<group>"; };
		B596CB16199B95DB000AB3A5 /* SDSliderFormCell.m */ = {isa = PBXFileReference; fileEncoding = 4; lastKnownFileType = sourcecode.c.objc; path = SDSliderFormCell.m; sourceTree = "<group>"; };
		B596CB17199B95DB000AB3A5 /* SDSliderFormCell.xib */ = {isa = PBXFileReference; fileEncoding = 4; lastKnownFileType = file.xib; path = SDSliderFormCell.xib; sourceTree = "<group>"; };
		B596CB1E199B95DC000AB3A5 /* SDSwitchFormCell.h */ = {isa = PBXFileReference; fileEncoding = 4; lastKnownFileType = sourcecode.c.h; path = SDSwitchFormCell.h; sourceTree = "<group>"; };
		B596CB1F199B95DC000AB3A5 /* SDSwitchFormCell.m */ = {isa = PBXFileReference; fileEncoding = 4; lastKnownFileType = sourcecode.c.objc; path = SDSwitchFormCell.m; sourceTree = "<group>"; };
		B596CB20199B95DC000AB3A5 /* SDSwitchFormCell.xib */ = {isa = PBXFileReference; fileEncoding = 4; lastKnownFileType = file.xib; path = SDSwitchFormCell.xib; sourceTree = "<group>"; };
		B596CB21199B95DC000AB3A5 /* SDTextFieldFormCell.h */ = {isa = PBXFileReference; fileEncoding = 4; lastKnownFileType = sourcecode.c.h; path = SDTextFieldFormCell.h; sourceTree = "<group>"; };
		B596CB22199B95DC000AB3A5 /* SDTextFieldFormCell.m */ = {isa = PBXFileReference; fileEncoding = 4; lastKnownFileType = sourcecode.c.objc; path = SDTextFieldFormCell.m; sourceTree = "<group>"; };
		B596CB23199B95DC000AB3A5 /* SDTextFieldFormCell.xib */ = {isa = PBXFileReference; fileEncoding = 4; lastKnownFileType = file.xib; path = SDTextFieldFormCell.xib; sourceTree = "<group>"; };
		B596CB24199B95DC000AB3A5 /* SDTextViewFormCell.h */ = {isa = PBXFileReference; fileEncoding = 4; lastKnownFileType = sourcecode.c.h; path = SDTextViewFormCell.h; sourceTree = "<group>"; };
		B596CB25199B95DC000AB3A5 /* SDTextViewFormCell.m */ = {isa = PBXFileReference; fileEncoding = 4; lastKnownFileType = sourcecode.c.objc; path = SDTextViewFormCell.m; sourceTree = "<group>"; };
		B596CB26199B95DC000AB3A5 /* SDTextViewFormCell.xib */ = {isa = PBXFileReference; fileEncoding = 4; lastKnownFileType = file.xib; path = SDTextViewFormCell.xib; sourceTree = "<group>"; };
		B596CB98199B97FB000AB3A5 /* SDFormKeyboardToolbar.h */ = {isa = PBXFileReference; fileEncoding = 4; lastKnownFileType = sourcecode.c.h; lineEnding = 0; path = SDFormKeyboardToolbar.h; sourceTree = "<group>"; xcLanguageSpecificationIdentifier = xcode.lang.objcpp; };
		B596CB99199B97FB000AB3A5 /* SDFormKeyboardToolbar.m */ = {isa = PBXFileReference; fileEncoding = 4; lastKnownFileType = sourcecode.c.objc; lineEnding = 0; path = SDFormKeyboardToolbar.m; sourceTree = "<group>"; xcLanguageSpecificationIdentifier = xcode.lang.objc; };
		B596CB9A199B97FB000AB3A5 /* SDFormKeyboardToolbar.xib */ = {isa = PBXFileReference; fileEncoding = 4; lastKnownFileType = file.xib; path = SDFormKeyboardToolbar.xib; sourceTree = "<group>"; };
		B596CBA3199B9836000AB3A5 /* SDTextFieldView.h */ = {isa = PBXFileReference; fileEncoding = 4; lastKnownFileType = sourcecode.c.h; path = SDTextFieldView.h; sourceTree = "<group>"; };
		B596CBA4199B9836000AB3A5 /* SDTextFieldView.m */ = {isa = PBXFileReference; fileEncoding = 4; lastKnownFileType = sourcecode.c.objc; path = SDTextFieldView.m; sourceTree = "<group>"; };
		B596CBA5199B9836000AB3A5 /* SDFormTextView.h */ = {isa = PBXFileReference; fileEncoding = 4; lastKnownFileType = sourcecode.c.h; path = SDFormTextView.h; sourceTree = "<group>"; };
		B596CBA6199B9836000AB3A5 /* SDFormTextView.m */ = {isa = PBXFileReference; fileEncoding = 4; lastKnownFileType = sourcecode.c.objc; path = SDFormTextView.m; sourceTree = "<group>"; };
		B596CBAE199B98B0000AB3A5 /* UIColor+HexColor.h */ = {isa = PBXFileReference; fileEncoding = 4; lastKnownFileType = sourcecode.c.h; path = "UIColor+HexColor.h"; sourceTree = "<group>"; };
		B596CBAF199B98B0000AB3A5 /* UIColor+HexColor.m */ = {isa = PBXFileReference; fileEncoding = 4; lastKnownFileType = sourcecode.c.objc; path = "UIColor+HexColor.m"; sourceTree = "<group>"; };
		B596CBB0199B98B0000AB3A5 /* UIImage+Colorize.h */ = {isa = PBXFileReference; fileEncoding = 4; lastKnownFileType = sourcecode.c.h; path = "UIImage+Colorize.h"; sourceTree = "<group>"; };
		B596CBB1199B98B0000AB3A5 /* UIImage+Colorize.m */ = {isa = PBXFileReference; fileEncoding = 4; lastKnownFileType = sourcecode.c.objc; path = "UIImage+Colorize.m"; sourceTree = "<group>"; };
		B596CBC2199BB236000AB3A5 /* SDForm.h */ = {isa = PBXFileReference; fileEncoding = 4; lastKnownFileType = sourcecode.c.h; path = SDForm.h; sourceTree = "<group>"; };
		B596CBC3199BB236000AB3A5 /* SDForm.m */ = {isa = PBXFileReference; fileEncoding = 4; lastKnownFileType = sourcecode.c.objc; path = SDForm.m; sourceTree = "<group>"; };
		B596CBC5199BB244000AB3A5 /* SDFormSection.h */ = {isa = PBXFileReference; fileEncoding = 4; lastKnownFileType = sourcecode.c.h; path = SDFormSection.h; sourceTree = "<group>"; };
		B596CBC6199BB244000AB3A5 /* SDFormSection.m */ = {isa = PBXFileReference; fileEncoding = 4; lastKnownFileType = sourcecode.c.objc; path = SDFormSection.m; sourceTree = "<group>"; };
		B596CBC8199BB250000AB3A5 /* SDFormField.h */ = {isa = PBXFileReference; fileEncoding = 4; lastKnownFileType = sourcecode.c.h; path = SDFormField.h; sourceTree = "<group>"; };
		B596CBC9199BB250000AB3A5 /* SDFormField.m */ = {isa = PBXFileReference; fileEncoding = 4; lastKnownFileType = sourcecode.c.objc; path = SDFormField.m; sourceTree = "<group>"; };
		B59DD0A419AC8DE3005204A1 /* SDMultilineTextField.h */ = {isa = PBXFileReference; fileEncoding = 4; lastKnownFileType = sourcecode.c.h; path = SDMultilineTextField.h; sourceTree = "<group>"; };
		B59DD0A519AC8DE3005204A1 /* SDMultilineTextField.m */ = {isa = PBXFileReference; fileEncoding = 4; lastKnownFileType = sourcecode.c.objc; path = SDMultilineTextField.m; sourceTree = "<group>"; };
		B59DD0A819ACC074005204A1 /* SDSliderField.h */ = {isa = PBXFileReference; fileEncoding = 4; lastKnownFileType = sourcecode.c.h; path = SDSliderField.h; sourceTree = "<group>"; };
		B59DD0A919ACC074005204A1 /* SDSliderField.m */ = {isa = PBXFileReference; fileEncoding = 4; lastKnownFileType = sourcecode.c.objc; path = SDSliderField.m; sourceTree = "<group>"; };
		B5C04A2E199CFC8500B09374 /* SDFormCell.h */ = {isa = PBXFileReference; fileEncoding = 4; lastKnownFileType = sourcecode.c.h; path = SDFormCell.h; sourceTree = "<group>"; };
		B5C04A2F199CFC8600B09374 /* SDFormCell.m */ = {isa = PBXFileReference; fileEncoding = 4; lastKnownFileType = sourcecode.c.objc; path = SDFormCell.m; sourceTree = "<group>"; };
		B5E000001AC2F6C2000E13CB /* SDFormsTests.xctest */ = {isa = PBXFileReference; explicitFileType = wrapper.cfbundle; includeInIndex = 0; path = SDFormsTests.xctest; sourceTree = BUILT_PRODUCTS_DIR; };
		B5E0FFF61AC2F182000E13CB /* TestClass.h */ = {isa = PBXFileReference; fileEncoding = 4; lastKnownFileType = sourcecode.c.h; path = TestClass.h; sourceTree = "<group>"; };
		B5E0FFF71AC2F182000E13CB /* TestClass.m */ = {isa = PBXFileReference; fileEncoding = 4; lastKnownFileType = sourcecode.c.objc; path = TestClass.m; sourceTree = "<group>"; };
		B5F8763F19ADD13400C4AF33 /* SDLabelField.h */ = {isa = PBXFileReference; fileEncoding = 4; lastKnownFileType = sourcecode.c.h; path = SDLabelField.h; sourceTree = "<group>"; };
		B5F8764019ADD13400C4AF33 /* SDLabelField.m */ = {isa = PBXFileReference; fileEncoding = 4; lastKnownFileType = sourcecode.c.objc; path = SDLabelField.m; sourceTree = "<group>"; };
		B5F8764519AE1BAB00C4AF33 /* Base */ = {isa = PBXFileReference; lastKnownFileType = file.storyboard; name = Base; path = Base.lproj/Main.storyboard; sourceTree = "<group>"; };
		B5F8764719AE1BAB00C4AF33 /* en */ = {isa = PBXFileReference; lastKnownFileType = text.plist.strings; name = en; path = en.lproj/InfoPlist.strings; sourceTree = "<group>"; };
		B5F8764819AE1BAB00C4AF33 /* Images.xcassets */ = {isa = PBXFileReference; lastKnownFileType = folder.assetcatalog; path = Images.xcassets; sourceTree = "<group>"; };
		B5F8764919AE1BAB00C4AF33 /* main.m */ = {isa = PBXFileReference; fileEncoding = 4; lastKnownFileType = sourcecode.c.objc; path = main.m; sourceTree = "<group>"; };
		B5F8764A19AE1BAB00C4AF33 /* SDAppDelegate.h */ = {isa = PBXFileReference; fileEncoding = 4; lastKnownFileType = sourcecode.c.h; path = SDAppDelegate.h; sourceTree = "<group>"; };
		B5F8764B19AE1BAB00C4AF33 /* SDAppDelegate.m */ = {isa = PBXFileReference; fileEncoding = 4; lastKnownFileType = sourcecode.c.objc; path = SDAppDelegate.m; sourceTree = "<group>"; };
		B5F8764C19AE1BAB00C4AF33 /* SDForms-Info.plist */ = {isa = PBXFileReference; fileEncoding = 4; lastKnownFileType = text.plist.xml; path = "SDForms-Info.plist"; sourceTree = "<group>"; };
		B5F8764D19AE1BAB00C4AF33 /* SDForms-Prefix.pch */ = {isa = PBXFileReference; fileEncoding = 4; lastKnownFileType = sourcecode.c.h; path = "SDForms-Prefix.pch"; sourceTree = "<group>"; };
		B5F8764E19AE1BAB00C4AF33 /* SDViewController.h */ = {isa = PBXFileReference; fileEncoding = 4; lastKnownFileType = sourcecode.c.h; path = SDViewController.h; sourceTree = "<group>"; };
		B5F8764F19AE1BAB00C4AF33 /* SDViewController.m */ = {isa = PBXFileReference; fileEncoding = 4; lastKnownFileType = sourcecode.c.objc; path = SDViewController.m; sourceTree = "<group>"; };
		B5F8765B19AE1CD900C4AF33 /* libSDForms.a */ = {isa = PBXFileReference; explicitFileType = archive.ar; includeInIndex = 0; path = libSDForms.a; sourceTree = BUILT_PRODUCTS_DIR; };
		B5F8767D19AE1D9500C4AF33 /* InfoPlist.strings */ = {isa = PBXFileReference; fileEncoding = 4; lastKnownFileType = text.plist.strings; path = InfoPlist.strings; sourceTree = "<group>"; };
		B5F876BF19AE201D00C4AF33 /* SDForms-Prefix.pch */ = {isa = PBXFileReference; fileEncoding = 4; lastKnownFileType = sourcecode.c.h; path = "SDForms-Prefix.pch"; sourceTree = "<group>"; };
		B5F876C019AE201D00C4AF33 /* SDForms.h */ = {isa = PBXFileReference; fileEncoding = 4; lastKnownFileType = sourcecode.c.h; path = SDForms.h; sourceTree = "<group>"; };
		BF01A32819F9598000601928 /* pl */ = {isa = PBXFileReference; lastKnownFileType = text.plist.strings; name = pl; path = pl.lproj/Main.strings; sourceTree = "<group>"; };
		C846C32E9F22FCB738EEB0BF /* Pods-SDFormsTests.release.xcconfig */ = {isa = PBXFileReference; includeInIndex = 1; lastKnownFileType = text.xcconfig; name = "Pods-SDFormsTests.release.xcconfig"; path = "Pods/Target Support Files/Pods-SDFormsTests/Pods-SDFormsTests.release.xcconfig"; sourceTree = "<group>"; };
/* End PBXFileReference section */

/* Begin PBXFrameworksBuildPhase section */
		B55F0F7419AF416E00685BCA /* Frameworks */ = {
			isa = PBXFrameworksBuildPhase;
			buildActionMask = 2147483647;
			files = (
				B52BE2C719AF66260071BA57 /* Foundation.framework in Frameworks */,
				B55F0F7919AF416E00685BCA /* CoreFoundation.framework in Frameworks */,
			);
			runOnlyForDeploymentPostprocessing = 0;
		};
		B596CA66199B9533000AB3A5 /* Frameworks */ = {
			isa = PBXFrameworksBuildPhase;
			buildActionMask = 2147483647;
			files = (
				B558865719B755580082CCF9 /* libSDForms.a in Frameworks */,
				B596CA6F199B9533000AB3A5 /* CoreGraphics.framework in Frameworks */,
				B596CA71199B9533000AB3A5 /* UIKit.framework in Frameworks */,
				B596CA6D199B9533000AB3A5 /* Foundation.framework in Frameworks */,
			);
			runOnlyForDeploymentPostprocessing = 0;
		};
		B5E0FFFD1AC2F6C2000E13CB /* Frameworks */ = {
			isa = PBXFrameworksBuildPhase;
			buildActionMask = 2147483647;
			files = (
				B5E000061AC2F6C2000E13CB /* libSDForms.a in Frameworks */,
				71F766C0EDA99074EE98D337 /* Pods_SDFormsTests.framework in Frameworks */,
			);
			runOnlyForDeploymentPostprocessing = 0;
		};
		B5F8765819AE1CD900C4AF33 /* Frameworks */ = {
			isa = PBXFrameworksBuildPhase;
			buildActionMask = 2147483647;
			files = (
				B5F876A819AE1EAF00C4AF33 /* UIKit.framework in Frameworks */,
				B5F876A719AE1EA900C4AF33 /* CoreGraphics.framework in Frameworks */,
				B5F8765C19AE1CDA00C4AF33 /* Foundation.framework in Frameworks */,
				80E8211E0B0EC72DCEBD4F82 /* Pods_SDForms.framework in Frameworks */,
			);
			runOnlyForDeploymentPostprocessing = 0;
		};
/* End PBXFrameworksBuildPhase section */

/* Begin PBXGroup section */
		B55F0F7A19AF416E00685BCA /* SDFormsResources */ = {
			isa = PBXGroup;
			children = (
				B55F0F7B19AF416E00685BCA /* Supporting Files */,
			);
			path = SDFormsResources;
			sourceTree = "<group>";
		};
		B55F0F7B19AF416E00685BCA /* Supporting Files */ = {
			isa = PBXGroup;
			children = (
				B55F0F7C19AF416E00685BCA /* SDFormsResources-Info.plist */,
				B55F0F7D19AF416F00685BCA /* InfoPlist.strings */,
				B55F0F8019AF416F00685BCA /* SDFormsResources-Prefix.pch */,
			);
			name = "Supporting Files";
			sourceTree = "<group>";
		};
		B561239E19AB40D8002BB86D /* FormControllers */ = {
			isa = PBXGroup;
			children = (
				B561239F19AB40D8002BB86D /* SDItemsPickerViewController */,
			);
			path = FormControllers;
			sourceTree = "<group>";
		};
		B561239F19AB40D8002BB86D /* SDItemsPickerViewController */ = {
			isa = PBXGroup;
			children = (
				B56123A019AB40D8002BB86D /* SDFormItemsPickerViewController.h */,
				B56123A119AB40D8002BB86D /* SDFormItemsPickerViewController.m */,
				B56123A219AB40D8002BB86D /* SDFormItemsPickerViewController.xib */,
			);
			path = SDItemsPickerViewController;
			sourceTree = "<group>";
		};
		B57ABC8419A777950062BDBB /* Fields */ = {
			isa = PBXGroup;
			children = (
				87E223041CEFA1C900F21858 /* BVRatingStarsField.h */,
				87E223051CEFA1C900F21858 /* BVRatingStarsField.m */,
				B55F0F1619AF0F9C00685BCA /* SDButtonField.h */,
				B55F0F1719AF0F9C00685BCA /* SDButtonField.m */,
				B57ABC8519A777950062BDBB /* SDDatePickerField.h */,
				B57ABC8619A777950062BDBB /* SDDatePickerField.m */,
				B561239B19AB3590002BB86D /* SDItemSelectionField.h */,
				B561239C19AB3590002BB86D /* SDItemSelectionField.m */,
				B5F8763F19ADD13400C4AF33 /* SDLabelField.h */,
				B5F8764019ADD13400C4AF33 /* SDLabelField.m */,
				B59DD0A419AC8DE3005204A1 /* SDMultilineTextField.h */,
				B59DD0A519AC8DE3005204A1 /* SDMultilineTextField.m */,
				B57ABC8B19A777BE0062BDBB /* SDPickerField.h */,
				B57ABC8C19A777BE0062BDBB /* SDPickerField.m */,
				B59DD0A819ACC074005204A1 /* SDSliderField.h */,
				B59DD0A919ACC074005204A1 /* SDSliderField.m */,
				B55F0F1D19AF2F0B00685BCA /* SDSwitchField.h */,
				B55F0F1E19AF2F0B00685BCA /* SDSwitchField.m */,
				B57ABC8719A777950062BDBB /* SDTextFormField.h */,
				B57ABC8819A777950062BDBB /* SDTextFormField.m */,
				B51D247A1A77F5B3006F5B00 /* SDPhotoField.h */,
				B51D247B1A77F5B3006F5B00 /* SDPhotoField.m */,
			);
			path = Fields;
			sourceTree = "<group>";
		};
		B596CA60199B9533000AB3A5 = {
			isa = PBXGroup;
			children = (
				B5F8764319AE1BAB00C4AF33 /* SDFormsExamples */,
				B596CA72199B9533000AB3A5 /* SDForms */,
				B596CA91199B9533000AB3A5 /* SDFormsTests */,
				B55F0F7A19AF416E00685BCA /* SDFormsResources */,
				B596CA6B199B9533000AB3A5 /* Frameworks */,
				B596CA6A199B9533000AB3A5 /* Products */,
				D15732A4FB3643B14BC78BC8 /* Pods */,
			);
			sourceTree = "<group>";
		};
		B596CA6A199B9533000AB3A5 /* Products */ = {
			isa = PBXGroup;
			children = (
				B596CA69199B9533000AB3A5 /* SDFormsExamples.app */,
				B5F8765B19AE1CD900C4AF33 /* libSDForms.a */,
				B55F0F7719AF416E00685BCA /* SDFormsResources.bundle */,
				B5E000001AC2F6C2000E13CB /* SDFormsTests.xctest */,
			);
			name = Products;
			sourceTree = "<group>";
		};
		B596CA6B199B9533000AB3A5 /* Frameworks */ = {
			isa = PBXGroup;
			children = (
				B596CA6C199B9533000AB3A5 /* Foundation.framework */,
				B596CA6E199B9533000AB3A5 /* CoreGraphics.framework */,
				B596CA70199B9533000AB3A5 /* UIKit.framework */,
				B596CA8B199B9533000AB3A5 /* XCTest.framework */,
				B55F0F7819AF416E00685BCA /* CoreFoundation.framework */,
				16F3C750D5D3D7DA1494E7A2 /* Pods_SDForms.framework */,
				5C50158336DED90316D0F470 /* Pods_SDFormsTests.framework */,
			);
			name = Frameworks;
			sourceTree = "<group>";
		};
		B596CA72199B9533000AB3A5 /* SDForms */ = {
			isa = PBXGroup;
			children = (
				B5F876BF19AE201D00C4AF33 /* SDForms-Prefix.pch */,
				B5F876C019AE201D00C4AF33 /* SDForms.h */,
				B596CAA1199B9569000AB3A5 /* Library */,
			);
			path = SDForms;
			sourceTree = "<group>";
		};
		B596CA91199B9533000AB3A5 /* SDFormsTests */ = {
			isa = PBXGroup;
			children = (
				B596CA97199B9533000AB3A5 /* SDFormsTests.m */,
				B596CA92199B9533000AB3A5 /* Supporting Files */,
				B5E0FFF61AC2F182000E13CB /* TestClass.h */,
				B5E0FFF71AC2F182000E13CB /* TestClass.m */,
			);
			path = SDFormsTests;
			sourceTree = "<group>";
		};
		B596CA92199B9533000AB3A5 /* Supporting Files */ = {
			isa = PBXGroup;
			children = (
				B5F8767D19AE1D9500C4AF33 /* InfoPlist.strings */,
				B596CA93199B9533000AB3A5 /* SDFormsTests-Info.plist */,
			);
			name = "Supporting Files";
			sourceTree = "<group>";
		};
		B596CAA1199B9569000AB3A5 /* Library */ = {
			isa = PBXGroup;
			children = (
				B561239E19AB40D8002BB86D /* FormControllers */,
				B57ABC8419A777950062BDBB /* Fields */,
				B596CBAD199B98A4000AB3A5 /* Categories */,
				B596CB97199B97FB000AB3A5 /* CustomViews */,
				B596CAA2199B95DB000AB3A5 /* Cells */,
				B596CBC2199BB236000AB3A5 /* SDForm.h */,
				B596CBC3199BB236000AB3A5 /* SDForm.m */,
				B596CBC5199BB244000AB3A5 /* SDFormSection.h */,
				B596CBC6199BB244000AB3A5 /* SDFormSection.m */,
				B596CBC8199BB250000AB3A5 /* SDFormField.h */,
				B596CBC9199BB250000AB3A5 /* SDFormField.m */,
				B5C04A2E199CFC8500B09374 /* SDFormCell.h */,
				B5C04A2F199CFC8600B09374 /* SDFormCell.m */,
			);
			path = Library;
			sourceTree = "<group>";
		};
		B596CAA2199B95DB000AB3A5 /* Cells */ = {
			isa = PBXGroup;
			children = (
				87E223071CEFA28400F21858 /* BVRatingStarsFormCell.h */,
				87E223081CEFA28400F21858 /* BVRatingStarsFormCell.m */,
				878CF7961CF158EC006DA4A0 /* HCSStarRatingView.m */,
				87E2230A1CEFA2D000F21858 /* BVRatingStarsFormCell.xib */,
				B596CAAF199B95DB000AB3A5 /* SDButtonFormCell.h */,
				B596CAB0199B95DB000AB3A5 /* SDButtonFormCell.m */,
				B596CAB1199B95DB000AB3A5 /* SDButtonFormCell.xib */,
				B596CAC4199B95DB000AB3A5 /* SDDatePickerFormCell.h */,
				B596CAC5199B95DB000AB3A5 /* SDDatePickerFormCell.m */,
				B596CAC6199B95DB000AB3A5 /* SDDatePickerFormCell.xib */,
				B596CAC7199B95DB000AB3A5 /* SDDatePickerWithLabelFormCell.h */,
				B596CAC8199B95DB000AB3A5 /* SDDatePickerWithLabelFormCell.m */,
				B596CAC9199B95DB000AB3A5 /* SDDatePickerWithLabelFormCell.xib */,
				B596CAF7199B95DB000AB3A5 /* SDPickerFormCell.h */,
				B596CAF8199B95DB000AB3A5 /* SDPickerFormCell.m */,
				B596CAF9199B95DB000AB3A5 /* SDPickerFormCell.xib */,
				B596CB00199B95DB000AB3A5 /* SDLabelFormCell.h */,
				B596CB01199B95DB000AB3A5 /* SDLabelFormCell.m */,
				B596CB02199B95DB000AB3A5 /* SDLabelFormCell.xib */,
				B596CB06199B95DB000AB3A5 /* SDTextFieldWithLabelFormCell.h */,
				B596CB07199B95DB000AB3A5 /* SDTextFieldWithLabelFormCell.m */,
				B596CB08199B95DB000AB3A5 /* SDTextFieldWithLabelFormCell.xib */,
				B596CB15199B95DB000AB3A5 /* SDSliderFormCell.h */,
				B596CB16199B95DB000AB3A5 /* SDSliderFormCell.m */,
				B596CB17199B95DB000AB3A5 /* SDSliderFormCell.xib */,
				B596CB1E199B95DC000AB3A5 /* SDSwitchFormCell.h */,
				B596CB1F199B95DC000AB3A5 /* SDSwitchFormCell.m */,
				B596CB20199B95DC000AB3A5 /* SDSwitchFormCell.xib */,
				B596CB21199B95DC000AB3A5 /* SDTextFieldFormCell.h */,
				B596CB22199B95DC000AB3A5 /* SDTextFieldFormCell.m */,
				B596CB23199B95DC000AB3A5 /* SDTextFieldFormCell.xib */,
				B596CB24199B95DC000AB3A5 /* SDTextViewFormCell.h */,
				B596CB25199B95DC000AB3A5 /* SDTextViewFormCell.m */,
				B596CB26199B95DC000AB3A5 /* SDTextViewFormCell.xib */,
				B51D24721A77F48A006F5B00 /* SDPhotoCell.h */,
				B51D24731A77F48A006F5B00 /* SDPhotoCell.m */,
				B51D24781A77F4ED006F5B00 /* SDPhotoCell.xib */,
			);
			path = Cells;
			sourceTree = "<group>";
		};
		B596CB97199B97FB000AB3A5 /* CustomViews */ = {
			isa = PBXGroup;
			children = (
				B596CBA3199B9836000AB3A5 /* SDTextFieldView.h */,
				B596CBA4199B9836000AB3A5 /* SDTextFieldView.m */,
				B596CBA5199B9836000AB3A5 /* SDFormTextView.h */,
				B596CBA6199B9836000AB3A5 /* SDFormTextView.m */,
				B596CB98199B97FB000AB3A5 /* SDFormKeyboardToolbar.h */,
				B596CB99199B97FB000AB3A5 /* SDFormKeyboardToolbar.m */,
				B596CB9A199B97FB000AB3A5 /* SDFormKeyboardToolbar.xib */,
			);
			path = CustomViews;
			sourceTree = "<group>";
		};
		B596CBAD199B98A4000AB3A5 /* Categories */ = {
			isa = PBXGroup;
			children = (
				B591320F1A6038500028FBE7 /* NSObject+Differences.h */,
				B59132101A6038500028FBE7 /* NSObject+Differences.m */,
				B596CBAE199B98B0000AB3A5 /* UIColor+HexColor.h */,
				B596CBAF199B98B0000AB3A5 /* UIColor+HexColor.m */,
				B596CBB0199B98B0000AB3A5 /* UIImage+Colorize.h */,
				B596CBB1199B98B0000AB3A5 /* UIImage+Colorize.m */,
				B56123A519AB4BFC002BB86D /* NSMutableArray+IndexSelection.h */,
				B56123A619AB4BFC002BB86D /* NSMutableArray+IndexSelection.m */,
				B5183A0619C9CEAA00A9B858 /* NSMutableDictionary+SDExtensions.h */,
				B5183A0719C9CEAA00A9B858 /* NSMutableDictionary+SDExtensions.m */,
			);
			path = Categories;
			sourceTree = "<group>";
		};
		B5F8764319AE1BAB00C4AF33 /* SDFormsExamples */ = {
			isa = PBXGroup;
			children = (
				B5F8764419AE1BAB00C4AF33 /* Main.storyboard */,
				B5F8764619AE1BAB00C4AF33 /* InfoPlist.strings */,
				B5F8764819AE1BAB00C4AF33 /* Images.xcassets */,
				B5F8764919AE1BAB00C4AF33 /* main.m */,
				B5F8764A19AE1BAB00C4AF33 /* SDAppDelegate.h */,
				B5F8764B19AE1BAB00C4AF33 /* SDAppDelegate.m */,
				B5F8764C19AE1BAB00C4AF33 /* SDForms-Info.plist */,
				B5F8764D19AE1BAB00C4AF33 /* SDForms-Prefix.pch */,
				B5F8764E19AE1BAB00C4AF33 /* SDViewController.h */,
				B5F8764F19AE1BAB00C4AF33 /* SDViewController.m */,
				B5183A0919C9D7DC00A9B858 /* SDLaunchScreen.xib */,
			);
			path = SDFormsExamples;
			sourceTree = "<group>";
		};
		D15732A4FB3643B14BC78BC8 /* Pods */ = {
			isa = PBXGroup;
			children = (
				4FF94D8A4C0A743B359A8BE4 /* Pods-SDFormsTests.debug.xcconfig */,
				C846C32E9F22FCB738EEB0BF /* Pods-SDFormsTests.release.xcconfig */,
				64494AE8FE314D64E2D55D55 /* Pods-SDForms.debug.xcconfig */,
				3082B8EEA480C16B0636483B /* Pods-SDForms.release.xcconfig */,
			);
			name = Pods;
			sourceTree = "<group>";
		};
/* End PBXGroup section */

/* Begin PBXNativeTarget section */
		B55F0F7619AF416E00685BCA /* SDFormsResources */ = {
			isa = PBXNativeTarget;
			buildConfigurationList = B55F0F8119AF416F00685BCA /* Build configuration list for PBXNativeTarget "SDFormsResources" */;
			buildPhases = (
				B55F0F7319AF416E00685BCA /* Sources */,
				B55F0F7419AF416E00685BCA /* Frameworks */,
				B55F0F7519AF416E00685BCA /* Resources */,
			);
			buildRules = (
			);
			dependencies = (
			);
			name = SDFormsResources;
			productName = SDFormsResources;
			productReference = B55F0F7719AF416E00685BCA /* SDFormsResources.bundle */;
			productType = "com.apple.product-type.bundle";
		};
		B596CA68199B9533000AB3A5 /* SDFormsExamples */ = {
			isa = PBXNativeTarget;
			buildConfigurationList = B596CA9B199B9533000AB3A5 /* Build configuration list for PBXNativeTarget "SDFormsExamples" */;
			buildPhases = (
				B596CA65199B9533000AB3A5 /* Sources */,
				B596CA66199B9533000AB3A5 /* Frameworks */,
				B596CA67199B9533000AB3A5 /* Resources */,
			);
			buildRules = (
			);
			dependencies = (
				B558865919B7555B0082CCF9 /* PBXTargetDependency */,
			);
			name = SDFormsExamples;
			productName = SDForms;
			productReference = B596CA69199B9533000AB3A5 /* SDFormsExamples.app */;
			productType = "com.apple.product-type.application";
		};
		B5E0FFFF1AC2F6C2000E13CB /* SDFormsTests */ = {
			isa = PBXNativeTarget;
			buildConfigurationList = B5E000091AC2F6C2000E13CB /* Build configuration list for PBXNativeTarget "SDFormsTests" */;
			buildPhases = (
				629042D14BB2C664CFBC4966 /* Check Pods Manifest.lock */,
				B5E0FFFC1AC2F6C2000E13CB /* Sources */,
				B5E0FFFD1AC2F6C2000E13CB /* Frameworks */,
				B5E0FFFE1AC2F6C2000E13CB /* Resources */,
				93DDA1F84B1A7CD12496AD4A /* Copy Pods Resources */,
				7D5D0665F95EB358A3F010BA /* Embed Pods Frameworks */,
			);
			buildRules = (
			);
			dependencies = (
				B5E000081AC2F6C2000E13CB /* PBXTargetDependency */,
			);
			name = SDFormsTests;
			productName = SDFormsTests;
			productReference = B5E000001AC2F6C2000E13CB /* SDFormsTests.xctest */;
			productType = "com.apple.product-type.bundle.unit-test";
		};
		B5F8765A19AE1CD900C4AF33 /* SDForms */ = {
			isa = PBXNativeTarget;
			buildConfigurationList = B5F8767719AE1CDA00C4AF33 /* Build configuration list for PBXNativeTarget "SDForms" */;
			buildPhases = (
				7EE8F4BBE39DDC6A14F6CC38 /* Check Pods Manifest.lock */,
				B5F8765719AE1CD900C4AF33 /* Sources */,
				B5F8765819AE1CD900C4AF33 /* Frameworks */,
				B5F8765919AE1CD900C4AF33 /* CopyFiles */,
				D150932496467699D0477400 /* Copy Pods Resources */,
			);
			buildRules = (
			);
			dependencies = (
				B52BE29419AF64210071BA57 /* PBXTargetDependency */,
			);
			name = SDForms;
			productName = SDForms;
			productReference = B5F8765B19AE1CD900C4AF33 /* libSDForms.a */;
			productType = "com.apple.product-type.library.static";
		};
/* End PBXNativeTarget section */

/* Begin PBXProject section */
		B596CA61199B9533000AB3A5 /* Project object */ = {
			isa = PBXProject;
			attributes = {
				CLASSPREFIX = SD;
				LastUpgradeCheck = 0510;
				ORGANIZATIONNAME = "Snowdog sp. z o.o.";
				TargetAttributes = {
					B5E0FFFF1AC2F6C2000E13CB = {
						CreatedOnToolsVersion = 6.2;
					};
				};
			};
			buildConfigurationList = B596CA64199B9533000AB3A5 /* Build configuration list for PBXProject "SDForms" */;
			compatibilityVersion = "Xcode 3.2";
			developmentRegion = English;
			hasScannedForEncodings = 0;
			knownRegions = (
				en,
				Base,
				pl,
			);
			mainGroup = B596CA60199B9533000AB3A5;
			productRefGroup = B596CA6A199B9533000AB3A5 /* Products */;
			projectDirPath = "";
			projectRoot = "";
			targets = (
				B596CA68199B9533000AB3A5 /* SDFormsExamples */,
				B5F8765A19AE1CD900C4AF33 /* SDForms */,
				B55F0F7619AF416E00685BCA /* SDFormsResources */,
				B5E0FFFF1AC2F6C2000E13CB /* SDFormsTests */,
			);
		};
/* End PBXProject section */

/* Begin PBXResourcesBuildPhase section */
		B55F0F7519AF416E00685BCA /* Resources */ = {
			isa = PBXResourcesBuildPhase;
			buildActionMask = 2147483647;
			files = (
				878CF7931CF13703006DA4A0 /* BVRatingStarsFormCell.xib in Resources */,
				B5183A0B19C9DD1800A9B858 /* SDFormItemsPickerViewController.xib in Resources */,
				B55F0F8619AF418300685BCA /* SDFormKeyboardToolbar.xib in Resources */,
				B55F0F8819AF418300685BCA /* SDButtonFormCell.xib in Resources */,
				B51D24791A77F4ED006F5B00 /* SDPhotoCell.xib in Resources */,
				B55F0F8A19AF418300685BCA /* SDDatePickerFormCell.xib in Resources */,
				B55F0F8B19AF418300685BCA /* SDDatePickerWithLabelFormCell.xib in Resources */,
				B55F0F8E19AF418300685BCA /* SDPickerFormCell.xib in Resources */,
				B55F0F8F19AF418300685BCA /* SDLabelFormCell.xib in Resources */,
				B55F0F9119AF418300685BCA /* SDTextFieldWithLabelFormCell.xib in Resources */,
				B55F0F9319AF418300685BCA /* SDSliderFormCell.xib in Resources */,
				B55F0F9519AF418300685BCA /* SDSwitchFormCell.xib in Resources */,
				B55F0F9619AF418300685BCA /* SDTextFieldFormCell.xib in Resources */,
				B55F0F9719AF418300685BCA /* SDTextViewFormCell.xib in Resources */,
				B55F0F7F19AF416F00685BCA /* InfoPlist.strings in Resources */,
			);
			runOnlyForDeploymentPostprocessing = 0;
		};
		B596CA67199B9533000AB3A5 /* Resources */ = {
			isa = PBXResourcesBuildPhase;
			buildActionMask = 2147483647;
			files = (
				B5183A0A19C9D7DC00A9B858 /* SDLaunchScreen.xib in Resources */,
				B558865A19B755750082CCF9 /* SDFormsResources.bundle in Resources */,
				B5F876A919AE1ED100C4AF33 /* Main.storyboard in Resources */,
				B5F8765119AE1BAB00C4AF33 /* InfoPlist.strings in Resources */,
				B5F8765219AE1BAB00C4AF33 /* Images.xcassets in Resources */,
			);
			runOnlyForDeploymentPostprocessing = 0;
		};
		B5E0FFFE1AC2F6C2000E13CB /* Resources */ = {
			isa = PBXResourcesBuildPhase;
			buildActionMask = 2147483647;
			files = (
			);
			runOnlyForDeploymentPostprocessing = 0;
		};
/* End PBXResourcesBuildPhase section */

/* Begin PBXShellScriptBuildPhase section */
		629042D14BB2C664CFBC4966 /* Check Pods Manifest.lock */ = {
			isa = PBXShellScriptBuildPhase;
			buildActionMask = 2147483647;
			files = (
			);
			inputPaths = (
			);
			name = "Check Pods Manifest.lock";
			outputPaths = (
			);
			runOnlyForDeploymentPostprocessing = 0;
			shellPath = /bin/sh;
			shellScript = "diff \"${PODS_ROOT}/../Podfile.lock\" \"${PODS_ROOT}/Manifest.lock\" > /dev/null\nif [[ $? != 0 ]] ; then\n    cat << EOM\nerror: The sandbox is not in sync with the Podfile.lock. Run 'pod install' or update your CocoaPods installation.\nEOM\n    exit 1\nfi\n";
			showEnvVarsInLog = 0;
		};
		7D5D0665F95EB358A3F010BA /* Embed Pods Frameworks */ = {
			isa = PBXShellScriptBuildPhase;
			buildActionMask = 2147483647;
			files = (
			);
			inputPaths = (
			);
			name = "Embed Pods Frameworks";
			outputPaths = (
			);
			runOnlyForDeploymentPostprocessing = 0;
			shellPath = /bin/sh;
			shellScript = "\"${SRCROOT}/Pods/Target Support Files/Pods-SDFormsTests/Pods-SDFormsTests-frameworks.sh\"\n";
			showEnvVarsInLog = 0;
		};
		7EE8F4BBE39DDC6A14F6CC38 /* Check Pods Manifest.lock */ = {
			isa = PBXShellScriptBuildPhase;
			buildActionMask = 2147483647;
			files = (
			);
			inputPaths = (
			);
			name = "Check Pods Manifest.lock";
			outputPaths = (
			);
			runOnlyForDeploymentPostprocessing = 0;
			shellPath = /bin/sh;
			shellScript = "diff \"${PODS_ROOT}/../Podfile.lock\" \"${PODS_ROOT}/Manifest.lock\" > /dev/null\nif [[ $? != 0 ]] ; then\n    cat << EOM\nerror: The sandbox is not in sync with the Podfile.lock. Run 'pod install' or update your CocoaPods installation.\nEOM\n    exit 1\nfi\n";
			showEnvVarsInLog = 0;
		};
		93DDA1F84B1A7CD12496AD4A /* Copy Pods Resources */ = {
			isa = PBXShellScriptBuildPhase;
			buildActionMask = 2147483647;
			files = (
			);
			inputPaths = (
			);
			name = "Copy Pods Resources";
			outputPaths = (
			);
			runOnlyForDeploymentPostprocessing = 0;
			shellPath = /bin/sh;
			shellScript = "\"${SRCROOT}/Pods/Target Support Files/Pods-SDFormsTests/Pods-SDFormsTests-resources.sh\"\n";
			showEnvVarsInLog = 0;
		};
		D150932496467699D0477400 /* Copy Pods Resources */ = {
			isa = PBXShellScriptBuildPhase;
			buildActionMask = 2147483647;
			files = (
			);
			inputPaths = (
			);
			name = "Copy Pods Resources";
			outputPaths = (
			);
			runOnlyForDeploymentPostprocessing = 0;
			shellPath = /bin/sh;
			shellScript = "\"${SRCROOT}/Pods/Target Support Files/Pods-SDForms/Pods-SDForms-resources.sh\"\n";
			showEnvVarsInLog = 0;
		};
/* End PBXShellScriptBuildPhase section */

/* Begin PBXSourcesBuildPhase section */
		B55F0F7319AF416E00685BCA /* Sources */ = {
			isa = PBXSourcesBuildPhase;
			buildActionMask = 2147483647;
			files = (
			);
			runOnlyForDeploymentPostprocessing = 0;
		};
		B596CA65199B9533000AB3A5 /* Sources */ = {
			isa = PBXSourcesBuildPhase;
			buildActionMask = 2147483647;
			files = (
				B5F8765419AE1BAB00C4AF33 /* SDAppDelegate.m in Sources */,
				B5F8765619AE1BAB00C4AF33 /* SDViewController.m in Sources */,
				B5F8765319AE1BAB00C4AF33 /* main.m in Sources */,
			);
			runOnlyForDeploymentPostprocessing = 0;
		};
		B5E0FFFC1AC2F6C2000E13CB /* Sources */ = {
			isa = PBXSourcesBuildPhase;
			buildActionMask = 2147483647;
			files = (
				B52968AB1AC301810092A8C4 /* SDFormsTests.m in Sources */,
				B5E0000C1AC2F6D6000E13CB /* TestClass.m in Sources */,
			);
			runOnlyForDeploymentPostprocessing = 0;
		};
		B5F8765719AE1CD900C4AF33 /* Sources */ = {
			isa = PBXSourcesBuildPhase;
			buildActionMask = 2147483647;
			files = (
				878CF7971CF158EC006DA4A0 /* HCSStarRatingView.m in Sources */,
				B59132111A6038500028FBE7 /* NSObject+Differences.m in Sources */,
				B5F876A319AE1E5B00C4AF33 /* SDForm.m in Sources */,
				B5F876A419AE1E5B00C4AF33 /* SDFormSection.m in Sources */,
				B51D247C1A77F5B3006F5B00 /* SDPhotoField.m in Sources */,
				B5F876A519AE1E5B00C4AF33 /* SDFormField.m in Sources */,
				B5F876A619AE1E5B00C4AF33 /* SDFormCell.m in Sources */,
				B5F8768F19AE1E4D00C4AF33 /* SDTextFieldView.m in Sources */,
				B5F8769019AE1E4D00C4AF33 /* SDFormTextView.m in Sources */,
				B5F8769119AE1E4D00C4AF33 /* SDFormKeyboardToolbar.m in Sources */,
				B5F8769319AE1E4D00C4AF33 /* SDButtonFormCell.m in Sources */,
				B5F8769519AE1E4D00C4AF33 /* SDDatePickerFormCell.m in Sources */,
				B5F8769619AE1E4D00C4AF33 /* SDDatePickerWithLabelFormCell.m in Sources */,
				B5F8769919AE1E4D00C4AF33 /* SDPickerFormCell.m in Sources */,
				87E223091CEFA28400F21858 /* BVRatingStarsFormCell.m in Sources */,
				B5F8769A19AE1E4D00C4AF33 /* SDLabelFormCell.m in Sources */,
				87E223061CEFA1C900F21858 /* BVRatingStarsField.m in Sources */,
				B5F8769C19AE1E4D00C4AF33 /* SDTextFieldWithLabelFormCell.m in Sources */,
				B5F8769E19AE1E4D00C4AF33 /* SDSliderFormCell.m in Sources */,
				B55F0F1F19AF2F0B00685BCA /* SDSwitchField.m in Sources */,
				B51D24741A77F48A006F5B00 /* SDPhotoCell.m in Sources */,
				B5F876A019AE1E4D00C4AF33 /* SDSwitchFormCell.m in Sources */,
				B5F876A119AE1E4D00C4AF33 /* SDTextFieldFormCell.m in Sources */,
				B5F876A219AE1E4D00C4AF33 /* SDTextViewFormCell.m in Sources */,
				B55F0F1819AF0F9C00685BCA /* SDButtonField.m in Sources */,
				B5F8768A19AE1E2B00C4AF33 /* UIColor+HexColor.m in Sources */,
				B5F8768B19AE1E2B00C4AF33 /* UIImage+Colorize.m in Sources */,
				B5F8768C19AE1E2B00C4AF33 /* NSMutableArray+IndexSelection.m in Sources */,
				B5183A0819C9CEAA00A9B858 /* NSMutableDictionary+SDExtensions.m in Sources */,
				B5F8768019AE1E1000C4AF33 /* SDDatePickerField.m in Sources */,
				B5F8768119AE1E1000C4AF33 /* SDTextFormField.m in Sources */,
				B5F8768219AE1E1000C4AF33 /* SDPickerField.m in Sources */,
				B5F8768319AE1E1000C4AF33 /* SDItemSelectionField.m in Sources */,
				B5F8768419AE1E1000C4AF33 /* SDMultilineTextField.m in Sources */,
				B5F8768519AE1E1000C4AF33 /* SDSliderField.m in Sources */,
				B5F8768619AE1E1000C4AF33 /* SDLabelField.m in Sources */,
				B5F8767F19AE1E0300C4AF33 /* SDFormItemsPickerViewController.m in Sources */,
			);
			runOnlyForDeploymentPostprocessing = 0;
		};
/* End PBXSourcesBuildPhase section */

/* Begin PBXTargetDependency section */
		B52BE29419AF64210071BA57 /* PBXTargetDependency */ = {
			isa = PBXTargetDependency;
			target = B55F0F7619AF416E00685BCA /* SDFormsResources */;
			targetProxy = B52BE29319AF64210071BA57 /* PBXContainerItemProxy */;
		};
		B558865919B7555B0082CCF9 /* PBXTargetDependency */ = {
			isa = PBXTargetDependency;
			target = B5F8765A19AE1CD900C4AF33 /* SDForms */;
			targetProxy = B558865819B7555B0082CCF9 /* PBXContainerItemProxy */;
		};
		B5E000081AC2F6C2000E13CB /* PBXTargetDependency */ = {
			isa = PBXTargetDependency;
			target = B5F8765A19AE1CD900C4AF33 /* SDForms */;
			targetProxy = B5E000071AC2F6C2000E13CB /* PBXContainerItemProxy */;
		};
/* End PBXTargetDependency section */

/* Begin PBXVariantGroup section */
		B55F0F7D19AF416F00685BCA /* InfoPlist.strings */ = {
			isa = PBXVariantGroup;
			children = (
				B55F0F7E19AF416F00685BCA /* en */,
			);
			name = InfoPlist.strings;
			sourceTree = "<group>";
		};
		B5F8764419AE1BAB00C4AF33 /* Main.storyboard */ = {
			isa = PBXVariantGroup;
			children = (
				B5F8764519AE1BAB00C4AF33 /* Base */,
				BF01A32819F9598000601928 /* pl */,
			);
			name = Main.storyboard;
			sourceTree = "<group>";
		};
		B5F8764619AE1BAB00C4AF33 /* InfoPlist.strings */ = {
			isa = PBXVariantGroup;
			children = (
				B5F8764719AE1BAB00C4AF33 /* en */,
			);
			name = InfoPlist.strings;
			sourceTree = "<group>";
		};
/* End PBXVariantGroup section */

/* Begin XCBuildConfiguration section */
		B55F0F8219AF416F00685BCA /* Debug */ = {
			isa = XCBuildConfiguration;
			buildSettings = {
				COMBINE_HIDPI_IMAGES = YES;
				GCC_ENABLE_OBJC_EXCEPTIONS = YES;
				GCC_PRECOMPILE_PREFIX_HEADER = YES;
				GCC_PREFIX_HEADER = "SDFormsResources/SDFormsResources-Prefix.pch";
				GCC_PREPROCESSOR_DEFINITIONS = (
					"DEBUG=1",
					"$(inherited)",
				);
				INFOPLIST_FILE = "SDFormsResources/SDFormsResources-Info.plist";
				INSTALL_PATH = "$(LOCAL_LIBRARY_DIR)/Bundles";
				MACOSX_DEPLOYMENT_TARGET = 10.9;
				PRODUCT_NAME = "$(TARGET_NAME)";
				SDKROOT = iphoneos;
				SKIP_INSTALL = YES;
				WRAPPER_EXTENSION = bundle;
			};
			name = Debug;
		};
		B55F0F8319AF416F00685BCA /* Release */ = {
			isa = XCBuildConfiguration;
			buildSettings = {
				COMBINE_HIDPI_IMAGES = YES;
				DEBUG_INFORMATION_FORMAT = "dwarf-with-dsym";
				GCC_ENABLE_OBJC_EXCEPTIONS = YES;
				GCC_PRECOMPILE_PREFIX_HEADER = YES;
				GCC_PREFIX_HEADER = "SDFormsResources/SDFormsResources-Prefix.pch";
				INFOPLIST_FILE = "SDFormsResources/SDFormsResources-Info.plist";
				INSTALL_PATH = "$(LOCAL_LIBRARY_DIR)/Bundles";
				MACOSX_DEPLOYMENT_TARGET = 10.9;
				PRODUCT_NAME = "$(TARGET_NAME)";
				SDKROOT = iphoneos;
				SKIP_INSTALL = YES;
				WRAPPER_EXTENSION = bundle;
			};
			name = Release;
		};
		B596CA99199B9533000AB3A5 /* Debug */ = {
			isa = XCBuildConfiguration;
			buildSettings = {
				ALWAYS_SEARCH_USER_PATHS = NO;
				CLANG_CXX_LANGUAGE_STANDARD = "gnu++0x";
				CLANG_CXX_LIBRARY = "libc++";
				CLANG_ENABLE_MODULES = YES;
				CLANG_ENABLE_OBJC_ARC = YES;
				CLANG_WARN_BOOL_CONVERSION = YES;
				CLANG_WARN_CONSTANT_CONVERSION = YES;
				CLANG_WARN_DIRECT_OBJC_ISA_USAGE = YES_ERROR;
				CLANG_WARN_EMPTY_BODY = YES;
				CLANG_WARN_ENUM_CONVERSION = YES;
				CLANG_WARN_INT_CONVERSION = YES;
				CLANG_WARN_OBJC_ROOT_CLASS = YES_ERROR;
				CLANG_WARN__DUPLICATE_METHOD_MATCH = YES;
				"CODE_SIGN_IDENTITY[sdk=iphoneos*]" = "iPhone Developer";
				COPY_PHASE_STRIP = NO;
				GCC_C_LANGUAGE_STANDARD = gnu99;
				GCC_DYNAMIC_NO_PIC = NO;
				GCC_OPTIMIZATION_LEVEL = 0;
				GCC_PREPROCESSOR_DEFINITIONS = (
					"DEBUG=1",
					"$(inherited)",
				);
				GCC_SYMBOLS_PRIVATE_EXTERN = NO;
				GCC_WARN_64_TO_32_BIT_CONVERSION = YES;
				GCC_WARN_ABOUT_RETURN_TYPE = YES_ERROR;
				GCC_WARN_UNDECLARED_SELECTOR = YES;
				GCC_WARN_UNINITIALIZED_AUTOS = YES_AGGRESSIVE;
				GCC_WARN_UNUSED_FUNCTION = YES;
				GCC_WARN_UNUSED_VARIABLE = YES;
				IPHONEOS_DEPLOYMENT_TARGET = 7.1;
				ONLY_ACTIVE_ARCH = YES;
				SDKROOT = iphoneos;
			};
			name = Debug;
		};
		B596CA9A199B9533000AB3A5 /* Release */ = {
			isa = XCBuildConfiguration;
			buildSettings = {
				ALWAYS_SEARCH_USER_PATHS = NO;
				CLANG_CXX_LANGUAGE_STANDARD = "gnu++0x";
				CLANG_CXX_LIBRARY = "libc++";
				CLANG_ENABLE_MODULES = YES;
				CLANG_ENABLE_OBJC_ARC = YES;
				CLANG_WARN_BOOL_CONVERSION = YES;
				CLANG_WARN_CONSTANT_CONVERSION = YES;
				CLANG_WARN_DIRECT_OBJC_ISA_USAGE = YES_ERROR;
				CLANG_WARN_EMPTY_BODY = YES;
				CLANG_WARN_ENUM_CONVERSION = YES;
				CLANG_WARN_INT_CONVERSION = YES;
				CLANG_WARN_OBJC_ROOT_CLASS = YES_ERROR;
				CLANG_WARN__DUPLICATE_METHOD_MATCH = YES;
				"CODE_SIGN_IDENTITY[sdk=iphoneos*]" = "iPhone Developer";
				COPY_PHASE_STRIP = YES;
				ENABLE_NS_ASSERTIONS = NO;
				GCC_C_LANGUAGE_STANDARD = gnu99;
				GCC_WARN_64_TO_32_BIT_CONVERSION = YES;
				GCC_WARN_ABOUT_RETURN_TYPE = YES_ERROR;
				GCC_WARN_UNDECLARED_SELECTOR = YES;
				GCC_WARN_UNINITIALIZED_AUTOS = YES_AGGRESSIVE;
				GCC_WARN_UNUSED_FUNCTION = YES;
				GCC_WARN_UNUSED_VARIABLE = YES;
				IPHONEOS_DEPLOYMENT_TARGET = 7.1;
				SDKROOT = iphoneos;
				VALIDATE_PRODUCT = YES;
			};
			name = Release;
		};
		B596CA9C199B9533000AB3A5 /* Debug */ = {
			isa = XCBuildConfiguration;
			buildSettings = {
				ASSETCATALOG_COMPILER_APPICON_NAME = AppIcon;
				ASSETCATALOG_COMPILER_LAUNCHIMAGE_NAME = LaunchImage;
				GCC_PRECOMPILE_PREFIX_HEADER = YES;
				GCC_PREFIX_HEADER = "SDFormsExamples/SDForms-Prefix.pch";
				INFOPLIST_FILE = "SDFormsExamples/SDForms-Info.plist";
				OTHER_LDFLAGS = (
					"-all_load",
					"-ObjC",
				);
				PRODUCT_NAME = "$(TARGET_NAME)";
				SKIP_INSTALL = YES;
				TARGETED_DEVICE_FAMILY = "1,2";
				WRAPPER_EXTENSION = app;
			};
			name = Debug;
		};
		B596CA9D199B9533000AB3A5 /* Release */ = {
			isa = XCBuildConfiguration;
			buildSettings = {
				ASSETCATALOG_COMPILER_APPICON_NAME = AppIcon;
				ASSETCATALOG_COMPILER_LAUNCHIMAGE_NAME = LaunchImage;
				GCC_PRECOMPILE_PREFIX_HEADER = YES;
				GCC_PREFIX_HEADER = "SDFormsExamples/SDForms-Prefix.pch";
				INFOPLIST_FILE = "SDFormsExamples/SDForms-Info.plist";
				OTHER_LDFLAGS = (
					"-all_load",
					"-ObjC",
				);
				PRODUCT_NAME = "$(TARGET_NAME)";
				SKIP_INSTALL = YES;
				TARGETED_DEVICE_FAMILY = "1,2";
				WRAPPER_EXTENSION = app;
			};
			name = Release;
		};
		B5E0000A1AC2F6C2000E13CB /* Debug */ = {
			isa = XCBuildConfiguration;
			baseConfigurationReference = 4FF94D8A4C0A743B359A8BE4 /* Pods-SDFormsTests.debug.xcconfig */;
			buildSettings = {
				CLANG_WARN_UNREACHABLE_CODE = YES;
				ENABLE_STRICT_OBJC_MSGSEND = YES;
				FRAMEWORK_SEARCH_PATHS = (
					"$(SDKROOT)/Developer/Library/Frameworks",
					"$(inherited)",
				);
				GCC_PREPROCESSOR_DEFINITIONS = (
					"DEBUG=1",
					"$(inherited)",
				);
				INFOPLIST_FILE = SDFormsTests/Info.plist;
				IPHONEOS_DEPLOYMENT_TARGET = 8.2;
				LD_RUNPATH_SEARCH_PATHS = "$(inherited) @executable_path/Frameworks @loader_path/Frameworks";
				MTL_ENABLE_DEBUG_INFO = YES;
				PRODUCT_NAME = "$(TARGET_NAME)";
			};
			name = Debug;
		};
		B5E0000B1AC2F6C2000E13CB /* Release */ = {
			isa = XCBuildConfiguration;
			baseConfigurationReference = C846C32E9F22FCB738EEB0BF /* Pods-SDFormsTests.release.xcconfig */;
			buildSettings = {
				CLANG_WARN_UNREACHABLE_CODE = YES;
				COPY_PHASE_STRIP = NO;
				ENABLE_STRICT_OBJC_MSGSEND = YES;
				FRAMEWORK_SEARCH_PATHS = (
					"$(SDKROOT)/Developer/Library/Frameworks",
					"$(inherited)",
				);
				INFOPLIST_FILE = SDFormsTests/Info.plist;
				IPHONEOS_DEPLOYMENT_TARGET = 8.2;
				LD_RUNPATH_SEARCH_PATHS = "$(inherited) @executable_path/Frameworks @loader_path/Frameworks";
				MTL_ENABLE_DEBUG_INFO = NO;
				PRODUCT_NAME = "$(TARGET_NAME)";
			};
			name = Release;
		};
		B5F8767819AE1CDA00C4AF33 /* Debug */ = {
			isa = XCBuildConfiguration;
			baseConfigurationReference = 64494AE8FE314D64E2D55D55 /* Pods-SDForms.debug.xcconfig */;
			buildSettings = {
				DSTROOT = /tmp/SDForms.dst;
				GCC_PRECOMPILE_PREFIX_HEADER = YES;
				GCC_PREFIX_HEADER = "SDForms/SDForms-Prefix.pch";
				GCC_PREPROCESSOR_DEFINITIONS = (
					"DEBUG=1",
					"$(inherited)",
				);
				OTHER_LDFLAGS = "-ObjC";
				PRODUCT_NAME = "$(TARGET_NAME)";
				SKIP_INSTALL = YES;
			};
			name = Debug;
		};
		B5F8767919AE1CDA00C4AF33 /* Release */ = {
			isa = XCBuildConfiguration;
			baseConfigurationReference = 3082B8EEA480C16B0636483B /* Pods-SDForms.release.xcconfig */;
			buildSettings = {
				DSTROOT = /tmp/SDForms.dst;
				GCC_PRECOMPILE_PREFIX_HEADER = YES;
				GCC_PREFIX_HEADER = "SDForms/SDForms-Prefix.pch";
				OTHER_LDFLAGS = "-ObjC";
				PRODUCT_NAME = "$(TARGET_NAME)";
				SKIP_INSTALL = YES;
			};
			name = Release;
		};
/* End XCBuildConfiguration section */

/* Begin XCConfigurationList section */
		B55F0F8119AF416F00685BCA /* Build configuration list for PBXNativeTarget "SDFormsResources" */ = {
			isa = XCConfigurationList;
			buildConfigurations = (
				B55F0F8219AF416F00685BCA /* Debug */,
				B55F0F8319AF416F00685BCA /* Release */,
			);
			defaultConfigurationIsVisible = 0;
			defaultConfigurationName = Release;
		};
		B596CA64199B9533000AB3A5 /* Build configuration list for PBXProject "SDForms" */ = {
			isa = XCConfigurationList;
			buildConfigurations = (
				B596CA99199B9533000AB3A5 /* Debug */,
				B596CA9A199B9533000AB3A5 /* Release */,
			);
			defaultConfigurationIsVisible = 0;
			defaultConfigurationName = Release;
		};
		B596CA9B199B9533000AB3A5 /* Build configuration list for PBXNativeTarget "SDFormsExamples" */ = {
			isa = XCConfigurationList;
			buildConfigurations = (
				B596CA9C199B9533000AB3A5 /* Debug */,
				B596CA9D199B9533000AB3A5 /* Release */,
			);
			defaultConfigurationIsVisible = 0;
			defaultConfigurationName = Release;
		};
		B5E000091AC2F6C2000E13CB /* Build configuration list for PBXNativeTarget "SDFormsTests" */ = {
			isa = XCConfigurationList;
			buildConfigurations = (
				B5E0000A1AC2F6C2000E13CB /* Debug */,
				B5E0000B1AC2F6C2000E13CB /* Release */,
			);
			defaultConfigurationIsVisible = 0;
			defaultConfigurationName = Release;
		};
		B5F8767719AE1CDA00C4AF33 /* Build configuration list for PBXNativeTarget "SDForms" */ = {
			isa = XCConfigurationList;
			buildConfigurations = (
				B5F8767819AE1CDA00C4AF33 /* Debug */,
				B5F8767919AE1CDA00C4AF33 /* Release */,
			);
			defaultConfigurationIsVisible = 0;
			defaultConfigurationName = Release;
		};
/* End XCConfigurationList section */
	};
	rootObject = B596CA61199B9533000AB3A5 /* Project object */;
}
